PODS:
  - Alamofire (4.8.1)
  - AlamofireImage (3.5.0):
    - Alamofire (~> 4.8)
  - Hero (1.4.0)

DEPENDENCIES:
  - Alamofire (~> 4.8)
  - AlamofireImage (~> 3.5)
  - Hero (~> 1.4)

SPEC REPOS:
  https://github.com/cocoapods/specs.git:
    - Alamofire
    - AlamofireImage
    - Hero

SPEC CHECKSUMS:
  Alamofire: 16ce2c353fb72865124ddae8a57c5942388f4f11
  AlamofireImage: 1aea346f4dda2f6c67622fa5a89fcbb80d79cc16
  Hero: bac92350d7201a1a940003e0767c7b52ce7c99a1

PODFILE CHECKSUM: 568353acdc4b90ecd3954e6f5143f905767c0f7f

COCOAPODS: 1.6.0
