// !$*UTF8*$!
{
	archiveVersion = 1;
	classes = {
	};
	objectVersion = 50;
	objects = {

/* Begin PBXBuildFile section */
		0975FABC22134E5F0085000B /* HomeCoordinator.swift in Sources */ = {isa = PBXBuildFile; fileRef = 0975FABB22134E5F0085000B /* HomeCoordinator.swift */; };
		0975FABF221354F10085000B /* NewsDetailCoordinator.swift in Sources */ = {isa = PBXBuildFile; fileRef = 0975FABE221354F10085000B /* NewsDetailCoordinator.swift */; };
		0975FAC1221354FE0085000B /* NewsDetailViewController.swift in Sources */ = {isa = PBXBuildFile; fileRef = 0975FAC0221354FE0085000B /* NewsDetailViewController.swift */; };
		0975FAC322135CB00085000B /* NewsDetailView.swift in Sources */ = {isa = PBXBuildFile; fileRef = 0975FAC222135CB00085000B /* NewsDetailView.swift */; };
		0975FAC522135CD50085000B /* NewsDetailViewModel.swift in Sources */ = {isa = PBXBuildFile; fileRef = 0975FAC422135CD50085000B /* NewsDetailViewModel.swift */; };
		0975FAC822135E9F0085000B /* AnimationConstants.swift in Sources */ = {isa = PBXBuildFile; fileRef = 0975FAC722135E9F0085000B /* AnimationConstants.swift */; };
		0975FACB22136F3E0085000B /* ParentCoordinator.swift in Sources */ = {isa = PBXBuildFile; fileRef = 0975FACA22136F3E0085000B /* ParentCoordinator.swift */; };
		0975FACD22136F4E0085000B /* ChildCoordinator.swift in Sources */ = {isa = PBXBuildFile; fileRef = 0975FACC22136F4E0085000B /* ChildCoordinator.swift */; };
		0975FACF221375450085000B /* UIViewController+Alert.swift in Sources */ = {isa = PBXBuildFile; fileRef = 0975FACE221375450085000B /* UIViewController+Alert.swift */; };
		09D121522211F005007D99C2 /* AppDelegate.swift in Sources */ = {isa = PBXBuildFile; fileRef = 09D121512211F005007D99C2 /* AppDelegate.swift */; };
		09D121592211F007007D99C2 /* Assets.xcassets in Resources */ = {isa = PBXBuildFile; fileRef = 09D121582211F007007D99C2 /* Assets.xcassets */; };
		09D1215C2211F007007D99C2 /* LaunchScreen.storyboard in Resources */ = {isa = PBXBuildFile; fileRef = 09D1215A2211F007007D99C2 /* LaunchScreen.storyboard */; };
		09D121672211F007007D99C2 /* NYtimesTests.swift in Sources */ = {isa = PBXBuildFile; fileRef = 09D121662211F007007D99C2 /* NYtimesTests.swift */; };
		09D121722211F007007D99C2 /* NYtimesUITests.swift in Sources */ = {isa = PBXBuildFile; fileRef = 09D121712211F007007D99C2 /* NYtimesUITests.swift */; };
		09F9D9182211FEB700A1C822 /* AppContext.swift in Sources */ = {isa = PBXBuildFile; fileRef = 09F9D9172211FEB700A1C822 /* AppContext.swift */; };
		09F9D91A221211A700A1C822 /* Coordinator.swift in Sources */ = {isa = PBXBuildFile; fileRef = 09F9D919221211A700A1C822 /* Coordinator.swift */; };
		09F9D91C22121FBE00A1C822 /* ApplicationCoordinator.swift in Sources */ = {isa = PBXBuildFile; fileRef = 09F9D91B22121FBE00A1C822 /* ApplicationCoordinator.swift */; };
		09F9D9212212218900A1C822 /* HomeViewController.swift in Sources */ = {isa = PBXBuildFile; fileRef = 09F9D9202212218900A1C822 /* HomeViewController.swift */; };
		09F9D923221221A900A1C822 /* HomeViewModel.swift in Sources */ = {isa = PBXBuildFile; fileRef = 09F9D922221221A900A1C822 /* HomeViewModel.swift */; };
		09F9D925221222B400A1C822 /* UIView+Anchors.swift in Sources */ = {isa = PBXBuildFile; fileRef = 09F9D924221222B400A1C822 /* UIView+Anchors.swift */; };
		09F9D92722122A4800A1C822 /* ApiClient.swift in Sources */ = {isa = PBXBuildFile; fileRef = 09F9D92622122A4800A1C822 /* ApiClient.swift */; };
		09F9D92A22122D2200A1C822 /* ApiEnums.swift in Sources */ = {isa = PBXBuildFile; fileRef = 09F9D92922122D2200A1C822 /* ApiEnums.swift */; };
		09F9D92C2212308500A1C822 /* MostViewed.swift in Sources */ = {isa = PBXBuildFile; fileRef = 09F9D92B2212308500A1C822 /* MostViewed.swift */; };
		09F9D9302212325700A1C822 /* MostViewedResult.swift in Sources */ = {isa = PBXBuildFile; fileRef = 09F9D92F2212325700A1C822 /* MostViewedResult.swift */; };
		09F9D9322212362300A1C822 /* HomeView.swift in Sources */ = {isa = PBXBuildFile; fileRef = 09F9D9312212362300A1C822 /* HomeView.swift */; };
		09F9D935221238F500A1C822 /* ColorPallete.swift in Sources */ = {isa = PBXBuildFile; fileRef = 09F9D934221238F500A1C822 /* ColorPallete.swift */; };
		09F9D9372212392100A1C822 /* UIColor+Components.swift in Sources */ = {isa = PBXBuildFile; fileRef = 09F9D9362212392100A1C822 /* UIColor+Components.swift */; };
		09F9D93A22123DE200A1C822 /* NewsCell.swift in Sources */ = {isa = PBXBuildFile; fileRef = 09F9D93922123DE200A1C822 /* NewsCell.swift */; };
		09F9D93C22123E0600A1C822 /* NewsCellModel.swift in Sources */ = {isa = PBXBuildFile; fileRef = 09F9D93B22123E0600A1C822 /* NewsCellModel.swift */; };
		09F9D93F22123E6100A1C822 /* ReusableView.swift in Sources */ = {isa = PBXBuildFile; fileRef = 09F9D93E22123E6100A1C822 /* ReusableView.swift */; };
		09F9D94122123F2800A1C822 /* UITableView+Reusable.swift in Sources */ = {isa = PBXBuildFile; fileRef = 09F9D94022123F2800A1C822 /* UITableView+Reusable.swift */; };
		09F9D943221247E900A1C822 /* UIView+Busy.swift in Sources */ = {isa = PBXBuildFile; fileRef = 09F9D942221247E900A1C822 /* UIView+Busy.swift */; };
		09F9D94522124F8800A1C822 /* UIImageView+Alamofire.swift in Sources */ = {isa = PBXBuildFile; fileRef = 09F9D94422124F8800A1C822 /* UIImageView+Alamofire.swift */; };
		09F9D9472212517300A1C822 /* UIView+Shadow.swift in Sources */ = {isa = PBXBuildFile; fileRef = 09F9D9462212517300A1C822 /* UIView+Shadow.swift */; };
		09F9D9492213396C00A1C822 /* NetworkService.swift in Sources */ = {isa = PBXBuildFile; fileRef = 09F9D9482213396C00A1C822 /* NetworkService.swift */; };
		0BF150872746FA1F1001ACC8 /* libPods-NYtimes.a in Frameworks */ = {isa = PBXBuildFile; fileRef = FE26A3C00E541FECFBA0D5AC /* libPods-NYtimes.a */; };
		BF86AF4BEDEFF3FB15F1A010 /* libPods-NYtimesUITests.a in Frameworks */ = {isa = PBXBuildFile; fileRef = 184982C2521CBB5C97846262 /* libPods-NYtimesUITests.a */; };
		DE73469411B98AE7F5DF58DF /* libPods-NYtimesTests.a in Frameworks */ = {isa = PBXBuildFile; fileRef = CB7838CB7C387FA5346A5AE9 /* libPods-NYtimesTests.a */; };
/* End PBXBuildFile section */

/* Begin PBXContainerItemProxy section */
		09D121632211F007007D99C2 /* PBXContainerItemProxy */ = {
			isa = PBXContainerItemProxy;
			containerPortal = 09D121462211F005007D99C2 /* Project object */;
			proxyType = 1;
			remoteGlobalIDString = 09D1214D2211F005007D99C2;
			remoteInfo = NYtimes;
		};
		09D1216E2211F007007D99C2 /* PBXContainerItemProxy */ = {
			isa = PBXContainerItemProxy;
			containerPortal = 09D121462211F005007D99C2 /* Project object */;
			proxyType = 1;
			remoteGlobalIDString = 09D1214D2211F005007D99C2;
			remoteInfo = NYtimes;
		};
/* End PBXContainerItemProxy section */

/* Begin PBXFileReference section */
		0975FABB22134E5F0085000B /* HomeCoordinator.swift */ = {isa = PBXFileReference; lastKnownFileType = sourcecode.swift; path = HomeCoordinator.swift; sourceTree = "<group>"; };
		0975FABE221354F10085000B /* NewsDetailCoordinator.swift */ = {isa = PBXFileReference; lastKnownFileType = sourcecode.swift; path = NewsDetailCoordinator.swift; sourceTree = "<group>"; };
		0975FAC0221354FE0085000B /* NewsDetailViewController.swift */ = {isa = PBXFileReference; lastKnownFileType = sourcecode.swift; path = NewsDetailViewController.swift; sourceTree = "<group>"; };
		0975FAC222135CB00085000B /* NewsDetailView.swift */ = {isa = PBXFileReference; lastKnownFileType = sourcecode.swift; path = NewsDetailView.swift; sourceTree = "<group>"; };
		0975FAC422135CD50085000B /* NewsDetailViewModel.swift */ = {isa = PBXFileReference; lastKnownFileType = sourcecode.swift; path = NewsDetailViewModel.swift; sourceTree = "<group>"; };
		0975FAC722135E9F0085000B /* AnimationConstants.swift */ = {isa = PBXFileReference; lastKnownFileType = sourcecode.swift; path = AnimationConstants.swift; sourceTree = "<group>"; };
		0975FACA22136F3E0085000B /* ParentCoordinator.swift */ = {isa = PBXFileReference; lastKnownFileType = sourcecode.swift; path = ParentCoordinator.swift; sourceTree = "<group>"; };
		0975FACC22136F4E0085000B /* ChildCoordinator.swift */ = {isa = PBXFileReference; lastKnownFileType = sourcecode.swift; path = ChildCoordinator.swift; sourceTree = "<group>"; };
		0975FACE221375450085000B /* UIViewController+Alert.swift */ = {isa = PBXFileReference; lastKnownFileType = sourcecode.swift; path = "UIViewController+Alert.swift"; sourceTree = "<group>"; };
		09D1214E2211F005007D99C2 /* NYtimes.app */ = {isa = PBXFileReference; explicitFileType = wrapper.application; includeInIndex = 0; path = NYtimes.app; sourceTree = BUILT_PRODUCTS_DIR; };
		09D121512211F005007D99C2 /* AppDelegate.swift */ = {isa = PBXFileReference; lastKnownFileType = sourcecode.swift; path = AppDelegate.swift; sourceTree = "<group>"; };
		09D121582211F007007D99C2 /* Assets.xcassets */ = {isa = PBXFileReference; lastKnownFileType = folder.assetcatalog; path = Assets.xcassets; sourceTree = "<group>"; };
		09D1215B2211F007007D99C2 /* Base */ = {isa = PBXFileReference; lastKnownFileType = file.storyboard; name = Base; path = Base.lproj/LaunchScreen.storyboard; sourceTree = "<group>"; };
		09D1215D2211F007007D99C2 /* Info.plist */ = {isa = PBXFileReference; lastKnownFileType = text.plist.xml; path = Info.plist; sourceTree = "<group>"; };
		09D121622211F007007D99C2 /* NYtimesTests.xctest */ = {isa = PBXFileReference; explicitFileType = wrapper.cfbundle; includeInIndex = 0; path = NYtimesTests.xctest; sourceTree = BUILT_PRODUCTS_DIR; };
		09D121662211F007007D99C2 /* NYtimesTests.swift */ = {isa = PBXFileReference; lastKnownFileType = sourcecode.swift; path = NYtimesTests.swift; sourceTree = "<group>"; };
		09D121682211F007007D99C2 /* Info.plist */ = {isa = PBXFileReference; lastKnownFileType = text.plist.xml; path = Info.plist; sourceTree = "<group>"; };
		09D1216D2211F007007D99C2 /* NYtimesUITests.xctest */ = {isa = PBXFileReference; explicitFileType = wrapper.cfbundle; includeInIndex = 0; path = NYtimesUITests.xctest; sourceTree = BUILT_PRODUCTS_DIR; };
		09D121712211F007007D99C2 /* NYtimesUITests.swift */ = {isa = PBXFileReference; lastKnownFileType = sourcecode.swift; path = NYtimesUITests.swift; sourceTree = "<group>"; };
		09D121732211F007007D99C2 /* Info.plist */ = {isa = PBXFileReference; lastKnownFileType = text.plist.xml; path = Info.plist; sourceTree = "<group>"; };
		09F9D9172211FEB700A1C822 /* AppContext.swift */ = {isa = PBXFileReference; lastKnownFileType = sourcecode.swift; path = AppContext.swift; sourceTree = "<group>"; };
		09F9D919221211A700A1C822 /* Coordinator.swift */ = {isa = PBXFileReference; lastKnownFileType = sourcecode.swift; path = Coordinator.swift; sourceTree = "<group>"; };
		09F9D91B22121FBE00A1C822 /* ApplicationCoordinator.swift */ = {isa = PBXFileReference; lastKnownFileType = sourcecode.swift; path = ApplicationCoordinator.swift; sourceTree = "<group>"; };
		09F9D9202212218900A1C822 /* HomeViewController.swift */ = {isa = PBXFileReference; lastKnownFileType = sourcecode.swift; path = HomeViewController.swift; sourceTree = "<group>"; };
		09F9D922221221A900A1C822 /* HomeViewModel.swift */ = {isa = PBXFileReference; lastKnownFileType = sourcecode.swift; path = HomeViewModel.swift; sourceTree = "<group>"; };
		09F9D924221222B400A1C822 /* UIView+Anchors.swift */ = {isa = PBXFileReference; lastKnownFileType = sourcecode.swift; path = "UIView+Anchors.swift"; sourceTree = "<group>"; };
		09F9D92622122A4800A1C822 /* ApiClient.swift */ = {isa = PBXFileReference; lastKnownFileType = sourcecode.swift; path = ApiClient.swift; sourceTree = "<group>"; };
		09F9D92922122D2200A1C822 /* ApiEnums.swift */ = {isa = PBXFileReference; lastKnownFileType = sourcecode.swift; path = ApiEnums.swift; sourceTree = "<group>"; };
		09F9D92B2212308500A1C822 /* MostViewed.swift */ = {isa = PBXFileReference; lastKnownFileType = sourcecode.swift; path = MostViewed.swift; sourceTree = "<group>"; };
		09F9D92F2212325700A1C822 /* MostViewedResult.swift */ = {isa = PBXFileReference; lastKnownFileType = sourcecode.swift; path = MostViewedResult.swift; sourceTree = "<group>"; };
		09F9D9312212362300A1C822 /* HomeView.swift */ = {isa = PBXFileReference; lastKnownFileType = sourcecode.swift; path = HomeView.swift; sourceTree = "<group>"; };
		09F9D934221238F500A1C822 /* ColorPallete.swift */ = {isa = PBXFileReference; lastKnownFileType = sourcecode.swift; path = ColorPallete.swift; sourceTree = "<group>"; };
		09F9D9362212392100A1C822 /* UIColor+Components.swift */ = {isa = PBXFileReference; lastKnownFileType = sourcecode.swift; path = "UIColor+Components.swift"; sourceTree = "<group>"; };
		09F9D93922123DE200A1C822 /* NewsCell.swift */ = {isa = PBXFileReference; lastKnownFileType = sourcecode.swift; path = NewsCell.swift; sourceTree = "<group>"; };
		09F9D93B22123E0600A1C822 /* NewsCellModel.swift */ = {isa = PBXFileReference; lastKnownFileType = sourcecode.swift; path = NewsCellModel.swift; sourceTree = "<group>"; };
		09F9D93E22123E6100A1C822 /* ReusableView.swift */ = {isa = PBXFileReference; lastKnownFileType = sourcecode.swift; path = ReusableView.swift; sourceTree = "<group>"; };
		09F9D94022123F2800A1C822 /* UITableView+Reusable.swift */ = {isa = PBXFileReference; lastKnownFileType = sourcecode.swift; path = "UITableView+Reusable.swift"; sourceTree = "<group>"; };
		09F9D942221247E900A1C822 /* UIView+Busy.swift */ = {isa = PBXFileReference; lastKnownFileType = sourcecode.swift; path = "UIView+Busy.swift"; sourceTree = "<group>"; };
		09F9D94422124F8800A1C822 /* UIImageView+Alamofire.swift */ = {isa = PBXFileReference; lastKnownFileType = sourcecode.swift; path = "UIImageView+Alamofire.swift"; sourceTree = "<group>"; };
		09F9D9462212517300A1C822 /* UIView+Shadow.swift */ = {isa = PBXFileReference; lastKnownFileType = sourcecode.swift; path = "UIView+Shadow.swift"; sourceTree = "<group>"; };
		09F9D9482213396C00A1C822 /* NetworkService.swift */ = {isa = PBXFileReference; lastKnownFileType = sourcecode.swift; path = NetworkService.swift; sourceTree = "<group>"; };
		0B7B825FCD9FAC11C0C353D7 /* Pods-NYtimesTests.debug.xcconfig */ = {isa = PBXFileReference; includeInIndex = 1; lastKnownFileType = text.xcconfig; name = "Pods-NYtimesTests.debug.xcconfig"; path = "Target Support Files/Pods-NYtimesTests/Pods-NYtimesTests.debug.xcconfig"; sourceTree = "<group>"; };
		0BA0A7BDE0554446D04FF9B8 /* Pods-NYtimes.debug.xcconfig */ = {isa = PBXFileReference; includeInIndex = 1; lastKnownFileType = text.xcconfig; name = "Pods-NYtimes.debug.xcconfig"; path = "Target Support Files/Pods-NYtimes/Pods-NYtimes.debug.xcconfig"; sourceTree = "<group>"; };
		184982C2521CBB5C97846262 /* libPods-NYtimesUITests.a */ = {isa = PBXFileReference; explicitFileType = archive.ar; includeInIndex = 0; path = "libPods-NYtimesUITests.a"; sourceTree = BUILT_PRODUCTS_DIR; };
		1A880BE75B1318536A5888DC /* Pods-NYtimesTests.release.xcconfig */ = {isa = PBXFileReference; includeInIndex = 1; lastKnownFileType = text.xcconfig; name = "Pods-NYtimesTests.release.xcconfig"; path = "Target Support Files/Pods-NYtimesTests/Pods-NYtimesTests.release.xcconfig"; sourceTree = "<group>"; };
		1E918DC2CC732B9D1C69EBA3 /* Pods-NYtimesUITests.debug.xcconfig */ = {isa = PBXFileReference; includeInIndex = 1; lastKnownFileType = text.xcconfig; name = "Pods-NYtimesUITests.debug.xcconfig"; path = "Target Support Files/Pods-NYtimesUITests/Pods-NYtimesUITests.debug.xcconfig"; sourceTree = "<group>"; };
		6F5A3BA6561F1C16DFF67128 /* Pods-NYtimesUITests.release.xcconfig */ = {isa = PBXFileReference; includeInIndex = 1; lastKnownFileType = text.xcconfig; name = "Pods-NYtimesUITests.release.xcconfig"; path = "Target Support Files/Pods-NYtimesUITests/Pods-NYtimesUITests.release.xcconfig"; sourceTree = "<group>"; };
		ABDC984EFBC51154BB2241F0 /* Pods-NYtimes.release.xcconfig */ = {isa = PBXFileReference; includeInIndex = 1; lastKnownFileType = text.xcconfig; name = "Pods-NYtimes.release.xcconfig"; path = "Target Support Files/Pods-NYtimes/Pods-NYtimes.release.xcconfig"; sourceTree = "<group>"; };
		CB7838CB7C387FA5346A5AE9 /* libPods-NYtimesTests.a */ = {isa = PBXFileReference; explicitFileType = archive.ar; includeInIndex = 0; path = "libPods-NYtimesTests.a"; sourceTree = BUILT_PRODUCTS_DIR; };
		FE26A3C00E541FECFBA0D5AC /* libPods-NYtimes.a */ = {isa = PBXFileReference; explicitFileType = archive.ar; includeInIndex = 0; path = "libPods-NYtimes.a"; sourceTree = BUILT_PRODUCTS_DIR; };
/* End PBXFileReference section */

/* Begin PBXFrameworksBuildPhase section */
		09D1214B2211F005007D99C2 /* Frameworks */ = {
			isa = PBXFrameworksBuildPhase;
			buildActionMask = 2147483647;
			files = (
				0BF150872746FA1F1001ACC8 /* libPods-NYtimes.a in Frameworks */,
			);
			runOnlyForDeploymentPostprocessing = 0;
		};
		09D1215F2211F007007D99C2 /* Frameworks */ = {
			isa = PBXFrameworksBuildPhase;
			buildActionMask = 2147483647;
			files = (
				DE73469411B98AE7F5DF58DF /* libPods-NYtimesTests.a in Frameworks */,
			);
			runOnlyForDeploymentPostprocessing = 0;
		};
		09D1216A2211F007007D99C2 /* Frameworks */ = {
			isa = PBXFrameworksBuildPhase;
			buildActionMask = 2147483647;
			files = (
				BF86AF4BEDEFF3FB15F1A010 /* libPods-NYtimesUITests.a in Frameworks */,
			);
			runOnlyForDeploymentPostprocessing = 0;
		};
/* End PBXFrameworksBuildPhase section */

/* Begin PBXGroup section */
		0975FABD221354DE0085000B /* News detail */ = {
			isa = PBXGroup;
			children = (
				0975FABE221354F10085000B /* NewsDetailCoordinator.swift */,
				0975FAC222135CB00085000B /* NewsDetailView.swift */,
				0975FAC0221354FE0085000B /* NewsDetailViewController.swift */,
				0975FAC422135CD50085000B /* NewsDetailViewModel.swift */,
			);
			path = "News detail";
			sourceTree = "<group>";
		};
		0975FAC622135E790085000B /* Constants */ = {
			isa = PBXGroup;
			children = (
				0975FAC722135E9F0085000B /* AnimationConstants.swift */,
			);
			path = Constants;
			sourceTree = "<group>";
		};
		0975FAC922136F2B0085000B /* Coordinators */ = {
			isa = PBXGroup;
			children = (
				09F9D919221211A700A1C822 /* Coordinator.swift */,
				0975FACA22136F3E0085000B /* ParentCoordinator.swift */,
				0975FACC22136F4E0085000B /* ChildCoordinator.swift */,
			);
			path = Coordinators;
			sourceTree = "<group>";
		};
		09D121452211F005007D99C2 = {
			isa = PBXGroup;
			children = (
				09D121502211F005007D99C2 /* NYtimes */,
				09D121652211F007007D99C2 /* NYtimesTests */,
				09D121702211F007007D99C2 /* NYtimesUITests */,
				09D1214F2211F005007D99C2 /* Products */,
				FF730407354E3A4496118497 /* Pods */,
				E2D94A242FD7DA7CEE43138F /* Frameworks */,
			);
			sourceTree = "<group>";
		};
		09D1214F2211F005007D99C2 /* Products */ = {
			isa = PBXGroup;
			children = (
				09D1214E2211F005007D99C2 /* NYtimes.app */,
				09D121622211F007007D99C2 /* NYtimesTests.xctest */,
				09D1216D2211F007007D99C2 /* NYtimesUITests.xctest */,
			);
			name = Products;
			sourceTree = "<group>";
		};
		09D121502211F005007D99C2 /* NYtimes */ = {
			isa = PBXGroup;
			children = (
				0975FAC622135E790085000B /* Constants */,
				09F9D93D22123E3D00A1C822 /* Protocols */,
				09F9D91E2212217B00A1C822 /* Screens */,
				09F9D91D2212217500A1C822 /* Extensions */,
				09F9D9162211FEAC00A1C822 /* Core */,
				09F9D9152211FE0400A1C822 /* Resources */,
			);
			path = NYtimes;
			sourceTree = "<group>";
		};
		09D121652211F007007D99C2 /* NYtimesTests */ = {
			isa = PBXGroup;
			children = (
				09D121662211F007007D99C2 /* NYtimesTests.swift */,
				09D121682211F007007D99C2 /* Info.plist */,
			);
			path = NYtimesTests;
			sourceTree = "<group>";
		};
		09D121702211F007007D99C2 /* NYtimesUITests */ = {
			isa = PBXGroup;
			children = (
				09D121712211F007007D99C2 /* NYtimesUITests.swift */,
				09D121732211F007007D99C2 /* Info.plist */,
			);
			path = NYtimesUITests;
			sourceTree = "<group>";
		};
		09F9D9152211FE0400A1C822 /* Resources */ = {
			isa = PBXGroup;
			children = (
				09D121582211F007007D99C2 /* Assets.xcassets */,
				09D1215A2211F007007D99C2 /* LaunchScreen.storyboard */,
				09F9D934221238F500A1C822 /* ColorPallete.swift */,
			);
			path = Resources;
			sourceTree = "<group>";
		};
		09F9D9162211FEAC00A1C822 /* Core */ = {
			isa = PBXGroup;
			children = (
				0975FAC922136F2B0085000B /* Coordinators */,
				09F9D92822122D0500A1C822 /* Api */,
				09D121512211F005007D99C2 /* AppDelegate.swift */,
				09F9D9172211FEB700A1C822 /* AppContext.swift */,
				09F9D91B22121FBE00A1C822 /* ApplicationCoordinator.swift */,
				09D1215D2211F007007D99C2 /* Info.plist */,
			);
			path = Core;
			sourceTree = "<group>";
		};
		09F9D91D2212217500A1C822 /* Extensions */ = {
			isa = PBXGroup;
			children = (
				09F9D942221247E900A1C822 /* UIView+Busy.swift */,
				0975FACE221375450085000B /* UIViewController+Alert.swift */,
				09F9D94422124F8800A1C822 /* UIImageView+Alamofire.swift */,
				09F9D924221222B400A1C822 /* UIView+Anchors.swift */,
				09F9D9362212392100A1C822 /* UIColor+Components.swift */,
				09F9D94022123F2800A1C822 /* UITableView+Reusable.swift */,
				09F9D9462212517300A1C822 /* UIView+Shadow.swift */,
			);
			path = Extensions;
			sourceTree = "<group>";
		};
		09F9D91E2212217B00A1C822 /* Screens */ = {
			isa = PBXGroup;
			children = (
				0975FABD221354DE0085000B /* News detail */,
				09F9D91F2212217F00A1C822 /* Home */,
			);
			path = Screens;
			sourceTree = "<group>";
		};
		09F9D91F2212217F00A1C822 /* Home */ = {
			isa = PBXGroup;
			children = (
				09F9D93822123DD700A1C822 /* News cell */,
				09F9D9312212362300A1C822 /* HomeView.swift */,
				09F9D9202212218900A1C822 /* HomeViewController.swift */,
				09F9D922221221A900A1C822 /* HomeViewModel.swift */,
				0975FABB22134E5F0085000B /* HomeCoordinator.swift */,
			);
			path = Home;
			sourceTree = "<group>";
		};
		09F9D92822122D0500A1C822 /* Api */ = {
			isa = PBXGroup;
			children = (
				09F9D92D221231A000A1C822 /* Api clients */,
				09F9D9482213396C00A1C822 /* NetworkService.swift */,
				09F9D92622122A4800A1C822 /* ApiClient.swift */,
				09F9D92922122D2200A1C822 /* ApiEnums.swift */,
			);
			path = Api;
			sourceTree = "<group>";
		};
		09F9D92D221231A000A1C822 /* Api clients */ = {
			isa = PBXGroup;
			children = (
				09F9D94A22133AFC00A1C822 /* Most Viewed */,
			);
			path = "Api clients";
			sourceTree = "<group>";
		};
		09F9D93822123DD700A1C822 /* News cell */ = {
			isa = PBXGroup;
			children = (
				09F9D93922123DE200A1C822 /* NewsCell.swift */,
				09F9D93B22123E0600A1C822 /* NewsCellModel.swift */,
			);
			path = "News cell";
			sourceTree = "<group>";
		};
		09F9D93D22123E3D00A1C822 /* Protocols */ = {
			isa = PBXGroup;
			children = (
				09F9D93E22123E6100A1C822 /* ReusableView.swift */,
			);
			path = Protocols;
			sourceTree = "<group>";
		};
		09F9D94A22133AFC00A1C822 /* Most Viewed */ = {
			isa = PBXGroup;
			children = (
				09F9D92F2212325700A1C822 /* MostViewedResult.swift */,
				09F9D92B2212308500A1C822 /* MostViewed.swift */,
			);
			path = "Most Viewed";
			sourceTree = "<group>";
		};
		E2D94A242FD7DA7CEE43138F /* Frameworks */ = {
			isa = PBXGroup;
			children = (
				FE26A3C00E541FECFBA0D5AC /* libPods-NYtimes.a */,
				CB7838CB7C387FA5346A5AE9 /* libPods-NYtimesTests.a */,
				184982C2521CBB5C97846262 /* libPods-NYtimesUITests.a */,
			);
			name = Frameworks;
			sourceTree = "<group>";
		};
		FF730407354E3A4496118497 /* Pods */ = {
			isa = PBXGroup;
			children = (
				0BA0A7BDE0554446D04FF9B8 /* Pods-NYtimes.debug.xcconfig */,
				ABDC984EFBC51154BB2241F0 /* Pods-NYtimes.release.xcconfig */,
				0B7B825FCD9FAC11C0C353D7 /* Pods-NYtimesTests.debug.xcconfig */,
				1A880BE75B1318536A5888DC /* Pods-NYtimesTests.release.xcconfig */,
				1E918DC2CC732B9D1C69EBA3 /* Pods-NYtimesUITests.debug.xcconfig */,
				6F5A3BA6561F1C16DFF67128 /* Pods-NYtimesUITests.release.xcconfig */,
			);
			path = Pods;
			sourceTree = "<group>";
		};
/* End PBXGroup section */

/* Begin PBXNativeTarget section */
		09D1214D2211F005007D99C2 /* NYtimes */ = {
			isa = PBXNativeTarget;
			buildConfigurationList = 09D121762211F007007D99C2 /* Build configuration list for PBXNativeTarget "NYtimes" */;
			buildPhases = (
				82BEAE222678B0D2DED21EF3 /* [CP] Check Pods Manifest.lock */,
				09D1214A2211F005007D99C2 /* Sources */,
				09D1214B2211F005007D99C2 /* Frameworks */,
				09D1214C2211F005007D99C2 /* Resources */,
			);
			buildRules = (
			);
			dependencies = (
			);
			name = NYtimes;
			productName = NYtimes;
			productReference = 09D1214E2211F005007D99C2 /* NYtimes.app */;
			productType = "com.apple.product-type.application";
		};
		09D121612211F007007D99C2 /* NYtimesTests */ = {
			isa = PBXNativeTarget;
			buildConfigurationList = 09D121792211F007007D99C2 /* Build configuration list for PBXNativeTarget "NYtimesTests" */;
			buildPhases = (
				8D75E7EE723229FCD59615C0 /* [CP] Check Pods Manifest.lock */,
				09D1215E2211F007007D99C2 /* Sources */,
				09D1215F2211F007007D99C2 /* Frameworks */,
				09D121602211F007007D99C2 /* Resources */,
			);
			buildRules = (
			);
			dependencies = (
				09D121642211F007007D99C2 /* PBXTargetDependency */,
			);
			name = NYtimesTests;
			productName = NYtimesTests;
			productReference = 09D121622211F007007D99C2 /* NYtimesTests.xctest */;
			productType = "com.apple.product-type.bundle.unit-test";
		};
		09D1216C2211F007007D99C2 /* NYtimesUITests */ = {
			isa = PBXNativeTarget;
			buildConfigurationList = 09D1217C2211F007007D99C2 /* Build configuration list for PBXNativeTarget "NYtimesUITests" */;
			buildPhases = (
				534B47643B1E4EBE195E7C0B /* [CP] Check Pods Manifest.lock */,
				09D121692211F007007D99C2 /* Sources */,
				09D1216A2211F007007D99C2 /* Frameworks */,
				09D1216B2211F007007D99C2 /* Resources */,
			);
			buildRules = (
			);
			dependencies = (
				09D1216F2211F007007D99C2 /* PBXTargetDependency */,
			);
			name = NYtimesUITests;
			productName = NYtimesUITests;
			productReference = 09D1216D2211F007007D99C2 /* NYtimesUITests.xctest */;
			productType = "com.apple.product-type.bundle.ui-testing";
		};
/* End PBXNativeTarget section */

/* Begin PBXProject section */
		09D121462211F005007D99C2 /* Project object */ = {
			isa = PBXProject;
			attributes = {
				LastSwiftUpdateCheck = 1010;
				LastUpgradeCheck = 1010;
				ORGANIZATIONNAME = "Michał Mańkus";
				TargetAttributes = {
					09D1214D2211F005007D99C2 = {
						CreatedOnToolsVersion = 10.1;
					};
					09D121612211F007007D99C2 = {
						CreatedOnToolsVersion = 10.1;
						TestTargetID = 09D1214D2211F005007D99C2;
					};
					09D1216C2211F007007D99C2 = {
						CreatedOnToolsVersion = 10.1;
						TestTargetID = 09D1214D2211F005007D99C2;
					};
				};
			};
			buildConfigurationList = 09D121492211F005007D99C2 /* Build configuration list for PBXProject "NYtimes" */;
			compatibilityVersion = "Xcode 9.3";
			developmentRegion = en;
			hasScannedForEncodings = 0;
			knownRegions = (
				en,
				Base,
			);
			mainGroup = 09D121452211F005007D99C2;
			productRefGroup = 09D1214F2211F005007D99C2 /* Products */;
			projectDirPath = "";
			projectRoot = "";
			targets = (
				09D1214D2211F005007D99C2 /* NYtimes */,
				09D121612211F007007D99C2 /* NYtimesTests */,
				09D1216C2211F007007D99C2 /* NYtimesUITests */,
			);
		};
/* End PBXProject section */

/* Begin PBXResourcesBuildPhase section */
		09D1214C2211F005007D99C2 /* Resources */ = {
			isa = PBXResourcesBuildPhase;
			buildActionMask = 2147483647;
			files = (
				09D1215C2211F007007D99C2 /* LaunchScreen.storyboard in Resources */,
				09D121592211F007007D99C2 /* Assets.xcassets in Resources */,
			);
			runOnlyForDeploymentPostprocessing = 0;
		};
		09D121602211F007007D99C2 /* Resources */ = {
			isa = PBXResourcesBuildPhase;
			buildActionMask = 2147483647;
			files = (
			);
			runOnlyForDeploymentPostprocessing = 0;
		};
		09D1216B2211F007007D99C2 /* Resources */ = {
			isa = PBXResourcesBuildPhase;
			buildActionMask = 2147483647;
			files = (
			);
			runOnlyForDeploymentPostprocessing = 0;
		};
/* End PBXResourcesBuildPhase section */

/* Begin PBXShellScriptBuildPhase section */
		534B47643B1E4EBE195E7C0B /* [CP] Check Pods Manifest.lock */ = {
			isa = PBXShellScriptBuildPhase;
			buildActionMask = 2147483647;
			files = (
			);
			inputFileListPaths = (
			);
			inputPaths = (
				"${PODS_PODFILE_DIR_PATH}/Podfile.lock",
				"${PODS_ROOT}/Manifest.lock",
			);
			name = "[CP] Check Pods Manifest.lock";
			outputFileListPaths = (
			);
			outputPaths = (
				"$(DERIVED_FILE_DIR)/Pods-NYtimesUITests-checkManifestLockResult.txt",
			);
			runOnlyForDeploymentPostprocessing = 0;
			shellPath = /bin/sh;
			shellScript = "diff \"${PODS_PODFILE_DIR_PATH}/Podfile.lock\" \"${PODS_ROOT}/Manifest.lock\" > /dev/null\nif [ $? != 0 ] ; then\n    # print error to STDERR\n    echo \"error: The sandbox is not in sync with the Podfile.lock. Run 'pod install' or update your CocoaPods installation.\" >&2\n    exit 1\nfi\n# This output is used by Xcode 'outputs' to avoid re-running this script phase.\necho \"SUCCESS\" > \"${SCRIPT_OUTPUT_FILE_0}\"\n";
			showEnvVarsInLog = 0;
		};
		82BEAE222678B0D2DED21EF3 /* [CP] Check Pods Manifest.lock */ = {
			isa = PBXShellScriptBuildPhase;
			buildActionMask = 2147483647;
			files = (
			);
			inputFileListPaths = (
			);
			inputPaths = (
				"${PODS_PODFILE_DIR_PATH}/Podfile.lock",
				"${PODS_ROOT}/Manifest.lock",
			);
			name = "[CP] Check Pods Manifest.lock";
			outputFileListPaths = (
			);
			outputPaths = (
				"$(DERIVED_FILE_DIR)/Pods-NYtimes-checkManifestLockResult.txt",
			);
			runOnlyForDeploymentPostprocessing = 0;
			shellPath = /bin/sh;
			shellScript = "diff \"${PODS_PODFILE_DIR_PATH}/Podfile.lock\" \"${PODS_ROOT}/Manifest.lock\" > /dev/null\nif [ $? != 0 ] ; then\n    # print error to STDERR\n    echo \"error: The sandbox is not in sync with the Podfile.lock. Run 'pod install' or update your CocoaPods installation.\" >&2\n    exit 1\nfi\n# This output is used by Xcode 'outputs' to avoid re-running this script phase.\necho \"SUCCESS\" > \"${SCRIPT_OUTPUT_FILE_0}\"\n";
			showEnvVarsInLog = 0;
		};
		8D75E7EE723229FCD59615C0 /* [CP] Check Pods Manifest.lock */ = {
			isa = PBXShellScriptBuildPhase;
			buildActionMask = 2147483647;
			files = (
			);
			inputFileListPaths = (
			);
			inputPaths = (
				"${PODS_PODFILE_DIR_PATH}/Podfile.lock",
				"${PODS_ROOT}/Manifest.lock",
			);
			name = "[CP] Check Pods Manifest.lock";
			outputFileListPaths = (
			);
			outputPaths = (
				"$(DERIVED_FILE_DIR)/Pods-NYtimesTests-checkManifestLockResult.txt",
			);
			runOnlyForDeploymentPostprocessing = 0;
			shellPath = /bin/sh;
			shellScript = "diff \"${PODS_PODFILE_DIR_PATH}/Podfile.lock\" \"${PODS_ROOT}/Manifest.lock\" > /dev/null\nif [ $? != 0 ] ; then\n    # print error to STDERR\n    echo \"error: The sandbox is not in sync with the Podfile.lock. Run 'pod install' or update your CocoaPods installation.\" >&2\n    exit 1\nfi\n# This output is used by Xcode 'outputs' to avoid re-running this script phase.\necho \"SUCCESS\" > \"${SCRIPT_OUTPUT_FILE_0}\"\n";
			showEnvVarsInLog = 0;
		};
/* End PBXShellScriptBuildPhase section */

/* Begin PBXSourcesBuildPhase section */
		09D1214A2211F005007D99C2 /* Sources */ = {
			isa = PBXSourcesBuildPhase;
			buildActionMask = 2147483647;
			files = (
				09F9D9492213396C00A1C822 /* NetworkService.swift in Sources */,
				09F9D92A22122D2200A1C822 /* ApiEnums.swift in Sources */,
				0975FACF221375450085000B /* UIViewController+Alert.swift in Sources */,
				09F9D9372212392100A1C822 /* UIColor+Components.swift in Sources */,
				09F9D9212212218900A1C822 /* HomeViewController.swift in Sources */,
				0975FAC822135E9F0085000B /* AnimationConstants.swift in Sources */,
				09F9D935221238F500A1C822 /* ColorPallete.swift in Sources */,
				09F9D94122123F2800A1C822 /* UITableView+Reusable.swift in Sources */,
				09F9D94522124F8800A1C822 /* UIImageView+Alamofire.swift in Sources */,
				09F9D93A22123DE200A1C822 /* NewsCell.swift in Sources */,
				09F9D9472212517300A1C822 /* UIView+Shadow.swift in Sources */,
				09F9D943221247E900A1C822 /* UIView+Busy.swift in Sources */,
				09F9D92C2212308500A1C822 /* MostViewed.swift in Sources */,
				09F9D923221221A900A1C822 /* HomeViewModel.swift in Sources */,
				0975FACD22136F4E0085000B /* ChildCoordinator.swift in Sources */,
				0975FAC522135CD50085000B /* NewsDetailViewModel.swift in Sources */,
				0975FAC322135CB00085000B /* NewsDetailView.swift in Sources */,
				09F9D91C22121FBE00A1C822 /* ApplicationCoordinator.swift in Sources */,
				09F9D9302212325700A1C822 /* MostViewedResult.swift in Sources */,
				09F9D92722122A4800A1C822 /* ApiClient.swift in Sources */,
				09D121522211F005007D99C2 /* AppDelegate.swift in Sources */,
				0975FABC22134E5F0085000B /* HomeCoordinator.swift in Sources */,
				0975FACB22136F3E0085000B /* ParentCoordinator.swift in Sources */,
				09F9D9182211FEB700A1C822 /* AppContext.swift in Sources */,
				0975FABF221354F10085000B /* NewsDetailCoordinator.swift in Sources */,
				09F9D93F22123E6100A1C822 /* ReusableView.swift in Sources */,
				09F9D93C22123E0600A1C822 /* NewsCellModel.swift in Sources */,
				09F9D9322212362300A1C822 /* HomeView.swift in Sources */,
				09F9D91A221211A700A1C822 /* Coordinator.swift in Sources */,
				09F9D925221222B400A1C822 /* UIView+Anchors.swift in Sources */,
				0975FAC1221354FE0085000B /* NewsDetailViewController.swift in Sources */,
			);
			runOnlyForDeploymentPostprocessing = 0;
		};
		09D1215E2211F007007D99C2 /* Sources */ = {
			isa = PBXSourcesBuildPhase;
			buildActionMask = 2147483647;
			files = (
				09D121672211F007007D99C2 /* NYtimesTests.swift in Sources */,
			);
			runOnlyForDeploymentPostprocessing = 0;
		};
		09D121692211F007007D99C2 /* Sources */ = {
			isa = PBXSourcesBuildPhase;
			buildActionMask = 2147483647;
			files = (
				09D121722211F007007D99C2 /* NYtimesUITests.swift in Sources */,
			);
			runOnlyForDeploymentPostprocessing = 0;
		};
/* End PBXSourcesBuildPhase section */

/* Begin PBXTargetDependency section */
		09D121642211F007007D99C2 /* PBXTargetDependency */ = {
			isa = PBXTargetDependency;
			target = 09D1214D2211F005007D99C2 /* NYtimes */;
			targetProxy = 09D121632211F007007D99C2 /* PBXContainerItemProxy */;
		};
		09D1216F2211F007007D99C2 /* PBXTargetDependency */ = {
			isa = PBXTargetDependency;
			target = 09D1214D2211F005007D99C2 /* NYtimes */;
			targetProxy = 09D1216E2211F007007D99C2 /* PBXContainerItemProxy */;
		};
/* End PBXTargetDependency section */

/* Begin PBXVariantGroup section */
		09D1215A2211F007007D99C2 /* LaunchScreen.storyboard */ = {
			isa = PBXVariantGroup;
			children = (
				09D1215B2211F007007D99C2 /* Base */,
			);
			name = LaunchScreen.storyboard;
			sourceTree = "<group>";
		};
/* End PBXVariantGroup section */

/* Begin XCBuildConfiguration section */
		09D121742211F007007D99C2 /* Debug */ = {
			isa = XCBuildConfiguration;
			buildSettings = {
				ALWAYS_SEARCH_USER_PATHS = NO;
				CLANG_ANALYZER_NONNULL = YES;
				CLANG_ANALYZER_NUMBER_OBJECT_CONVERSION = YES_AGGRESSIVE;
				CLANG_CXX_LANGUAGE_STANDARD = "gnu++14";
				CLANG_CXX_LIBRARY = "libc++";
				CLANG_ENABLE_MODULES = YES;
				CLANG_ENABLE_OBJC_ARC = YES;
				CLANG_ENABLE_OBJC_WEAK = YES;
				CLANG_WARN_BLOCK_CAPTURE_AUTORELEASING = YES;
				CLANG_WARN_BOOL_CONVERSION = YES;
				CLANG_WARN_COMMA = YES;
				CLANG_WARN_CONSTANT_CONVERSION = YES;
				CLANG_WARN_DEPRECATED_OBJC_IMPLEMENTATIONS = YES;
				CLANG_WARN_DIRECT_OBJC_ISA_USAGE = YES_ERROR;
				CLANG_WARN_DOCUMENTATION_COMMENTS = YES;
				CLANG_WARN_EMPTY_BODY = YES;
				CLANG_WARN_ENUM_CONVERSION = YES;
				CLANG_WARN_INFINITE_RECURSION = YES;
				CLANG_WARN_INT_CONVERSION = YES;
				CLANG_WARN_NON_LITERAL_NULL_CONVERSION = YES;
				CLANG_WARN_OBJC_IMPLICIT_RETAIN_SELF = YES;
				CLANG_WARN_OBJC_LITERAL_CONVERSION = YES;
				CLANG_WARN_OBJC_ROOT_CLASS = YES_ERROR;
				CLANG_WARN_RANGE_LOOP_ANALYSIS = YES;
				CLANG_WARN_STRICT_PROTOTYPES = YES;
				CLANG_WARN_SUSPICIOUS_MOVE = YES;
				CLANG_WARN_UNGUARDED_AVAILABILITY = YES_AGGRESSIVE;
				CLANG_WARN_UNREACHABLE_CODE = YES;
				CLANG_WARN__DUPLICATE_METHOD_MATCH = YES;
				CODE_SIGN_IDENTITY = "iPhone Developer";
				COPY_PHASE_STRIP = NO;
				DEBUG_INFORMATION_FORMAT = dwarf;
				ENABLE_STRICT_OBJC_MSGSEND = YES;
				ENABLE_TESTABILITY = YES;
				GCC_C_LANGUAGE_STANDARD = gnu11;
				GCC_DYNAMIC_NO_PIC = NO;
				GCC_NO_COMMON_BLOCKS = YES;
				GCC_OPTIMIZATION_LEVEL = 0;
				GCC_PREPROCESSOR_DEFINITIONS = (
					"DEBUG=1",
					"$(inherited)",
				);
				GCC_WARN_64_TO_32_BIT_CONVERSION = YES;
				GCC_WARN_ABOUT_RETURN_TYPE = YES_ERROR;
				GCC_WARN_UNDECLARED_SELECTOR = YES;
				GCC_WARN_UNINITIALIZED_AUTOS = YES_AGGRESSIVE;
				GCC_WARN_UNUSED_FUNCTION = YES;
				GCC_WARN_UNUSED_VARIABLE = YES;
				IPHONEOS_DEPLOYMENT_TARGET = 11.0;
				MTL_ENABLE_DEBUG_INFO = INCLUDE_SOURCE;
				MTL_FAST_MATH = YES;
				ONLY_ACTIVE_ARCH = YES;
				SDKROOT = iphoneos;
				SWIFT_ACTIVE_COMPILATION_CONDITIONS = DEBUG;
				SWIFT_OPTIMIZATION_LEVEL = "-Onone";
			};
			name = Debug;
		};
		09D121752211F007007D99C2 /* Release */ = {
			isa = XCBuildConfiguration;
			buildSettings = {
				ALWAYS_SEARCH_USER_PATHS = NO;
				CLANG_ANALYZER_NONNULL = YES;
				CLANG_ANALYZER_NUMBER_OBJECT_CONVERSION = YES_AGGRESSIVE;
				CLANG_CXX_LANGUAGE_STANDARD = "gnu++14";
				CLANG_CXX_LIBRARY = "libc++";
				CLANG_ENABLE_MODULES = YES;
				CLANG_ENABLE_OBJC_ARC = YES;
				CLANG_ENABLE_OBJC_WEAK = YES;
				CLANG_WARN_BLOCK_CAPTURE_AUTORELEASING = YES;
				CLANG_WARN_BOOL_CONVERSION = YES;
				CLANG_WARN_COMMA = YES;
				CLANG_WARN_CONSTANT_CONVERSION = YES;
				CLANG_WARN_DEPRECATED_OBJC_IMPLEMENTATIONS = YES;
				CLANG_WARN_DIRECT_OBJC_ISA_USAGE = YES_ERROR;
				CLANG_WARN_DOCUMENTATION_COMMENTS = YES;
				CLANG_WARN_EMPTY_BODY = YES;
				CLANG_WARN_ENUM_CONVERSION = YES;
				CLANG_WARN_INFINITE_RECURSION = YES;
				CLANG_WARN_INT_CONVERSION = YES;
				CLANG_WARN_NON_LITERAL_NULL_CONVERSION = YES;
				CLANG_WARN_OBJC_IMPLICIT_RETAIN_SELF = YES;
				CLANG_WARN_OBJC_LITERAL_CONVERSION = YES;
				CLANG_WARN_OBJC_ROOT_CLASS = YES_ERROR;
				CLANG_WARN_RANGE_LOOP_ANALYSIS = YES;
				CLANG_WARN_STRICT_PROTOTYPES = YES;
				CLANG_WARN_SUSPICIOUS_MOVE = YES;
				CLANG_WARN_UNGUARDED_AVAILABILITY = YES_AGGRESSIVE;
				CLANG_WARN_UNREACHABLE_CODE = YES;
				CLANG_WARN__DUPLICATE_METHOD_MATCH = YES;
				CODE_SIGN_IDENTITY = "iPhone Developer";
				COPY_PHASE_STRIP = NO;
				DEBUG_INFORMATION_FORMAT = "dwarf-with-dsym";
				ENABLE_NS_ASSERTIONS = NO;
				ENABLE_STRICT_OBJC_MSGSEND = YES;
				GCC_C_LANGUAGE_STANDARD = gnu11;
				GCC_NO_COMMON_BLOCKS = YES;
				GCC_WARN_64_TO_32_BIT_CONVERSION = YES;
				GCC_WARN_ABOUT_RETURN_TYPE = YES_ERROR;
				GCC_WARN_UNDECLARED_SELECTOR = YES;
				GCC_WARN_UNINITIALIZED_AUTOS = YES_AGGRESSIVE;
				GCC_WARN_UNUSED_FUNCTION = YES;
				GCC_WARN_UNUSED_VARIABLE = YES;
				IPHONEOS_DEPLOYMENT_TARGET = 11.0;
				MTL_ENABLE_DEBUG_INFO = NO;
				MTL_FAST_MATH = YES;
				SDKROOT = iphoneos;
				SWIFT_COMPILATION_MODE = wholemodule;
				SWIFT_OPTIMIZATION_LEVEL = "-O";
				VALIDATE_PRODUCT = YES;
			};
			name = Release;
		};
		09D121772211F007007D99C2 /* Debug */ = {
			isa = XCBuildConfiguration;
			baseConfigurationReference = 0BA0A7BDE0554446D04FF9B8 /* Pods-NYtimes.debug.xcconfig */;
			buildSettings = {
				ASSETCATALOG_COMPILER_APPICON_NAME = AppIcon;
				CODE_SIGN_STYLE = Automatic;
				DEVELOPMENT_TEAM = 8XXGMDE9L8;
				INFOPLIST_FILE = "$(SRCROOT)/NYtimes/Core/Info.plist";
				LD_RUNPATH_SEARCH_PATHS = (
					"$(inherited)",
					"@executable_path/Frameworks",
				);
				PRODUCT_BUNDLE_IDENTIFIER = devgaming.NYtimes;
				PRODUCT_NAME = "$(TARGET_NAME)";
				SWIFT_VERSION = 4.2;
				TARGETED_DEVICE_FAMILY = 1;
			};
			name = Debug;
		};
		09D121782211F007007D99C2 /* Release */ = {
			isa = XCBuildConfiguration;
			baseConfigurationReference = ABDC984EFBC51154BB2241F0 /* Pods-NYtimes.release.xcconfig */;
			buildSettings = {
				ASSETCATALOG_COMPILER_APPICON_NAME = AppIcon;
				CODE_SIGN_STYLE = Automatic;
				DEVELOPMENT_TEAM = 8XXGMDE9L8;
				INFOPLIST_FILE = "$(SRCROOT)/NYtimes/Core/Info.plist";
				LD_RUNPATH_SEARCH_PATHS = (
					"$(inherited)",
					"@executable_path/Frameworks",
				);
				PRODUCT_BUNDLE_IDENTIFIER = devgaming.NYtimes;
				PRODUCT_NAME = "$(TARGET_NAME)";
				SWIFT_VERSION = 4.2;
				TARGETED_DEVICE_FAMILY = 1;
			};
			name = Release;
		};
		09D1217A2211F007007D99C2 /* Debug */ = {
			isa = XCBuildConfiguration;
			baseConfigurationReference = 0B7B825FCD9FAC11C0C353D7 /* Pods-NYtimesTests.debug.xcconfig */;
			buildSettings = {
				BUNDLE_LOADER = "$(TEST_HOST)";
				CODE_SIGN_STYLE = Automatic;
				DEVELOPMENT_TEAM = 8XXGMDE9L8;
				INFOPLIST_FILE = NYtimesTests/Info.plist;
				LD_RUNPATH_SEARCH_PATHS = (
					"$(inherited)",
					"@executable_path/Frameworks",
					"@loader_path/Frameworks",
				);
				PRODUCT_BUNDLE_IDENTIFIER = devgaming.NYtimesTests;
				PRODUCT_NAME = "$(TARGET_NAME)";
				SWIFT_VERSION = 4.2;
				TARGETED_DEVICE_FAMILY = "1,2";
				TEST_HOST = "$(BUILT_PRODUCTS_DIR)/NYtimes.app/NYtimes";
			};
			name = Debug;
		};
		09D1217B2211F007007D99C2 /* Release */ = {
			isa = XCBuildConfiguration;
			baseConfigurationReference = 1A880BE75B1318536A5888DC /* Pods-NYtimesTests.release.xcconfig */;
			buildSettings = {
				BUNDLE_LOADER = "$(TEST_HOST)";
				CODE_SIGN_STYLE = Automatic;
				DEVELOPMENT_TEAM = 8XXGMDE9L8;
				INFOPLIST_FILE = NYtimesTests/Info.plist;
				LD_RUNPATH_SEARCH_PATHS = (
					"$(inherited)",
					"@executable_path/Frameworks",
					"@loader_path/Frameworks",
				);
				PRODUCT_BUNDLE_IDENTIFIER = devgaming.NYtimesTests;
				PRODUCT_NAME = "$(TARGET_NAME)";
				SWIFT_VERSION = 4.2;
				TARGETED_DEVICE_FAMILY = "1,2";
				TEST_HOST = "$(BUILT_PRODUCTS_DIR)/NYtimes.app/NYtimes";
			};
			name = Release;
		};
		09D1217D2211F007007D99C2 /* Debug */ = {
			isa = XCBuildConfiguration;
			baseConfigurationReference = 1E918DC2CC732B9D1C69EBA3 /* Pods-NYtimesUITests.debug.xcconfig */;
			buildSettings = {
				CODE_SIGN_STYLE = Automatic;
				DEVELOPMENT_TEAM = 8XXGMDE9L8;
				INFOPLIST_FILE = NYtimesUITests/Info.plist;
				LD_RUNPATH_SEARCH_PATHS = (
					"$(inherited)",
					"@executable_path/Frameworks",
					"@loader_path/Frameworks",
				);
				PRODUCT_BUNDLE_IDENTIFIER = devgaming.NYtimesUITests;
				PRODUCT_NAME = "$(TARGET_NAME)";
				SWIFT_VERSION = 4.2;
				TARGETED_DEVICE_FAMILY = "1,2";
				TEST_TARGET_NAME = NYtimes;
			};
			name = Debug;
		};
		09D1217E2211F007007D99C2 /* Release */ = {
			isa = XCBuildConfiguration;
			baseConfigurationReference = 6F5A3BA6561F1C16DFF67128 /* Pods-NYtimesUITests.release.xcconfig */;
			buildSettings = {
				CODE_SIGN_STYLE = Automatic;
				DEVELOPMENT_TEAM = 8XXGMDE9L8;
				INFOPLIST_FILE = NYtimesUITests/Info.plist;
				LD_RUNPATH_SEARCH_PATHS = (
					"$(inherited)",
					"@executable_path/Frameworks",
					"@loader_path/Frameworks",
				);
				PRODUCT_BUNDLE_IDENTIFIER = devgaming.NYtimesUITests;
				PRODUCT_NAME = "$(TARGET_NAME)";
				SWIFT_VERSION = 4.2;
				TARGETED_DEVICE_FAMILY = "1,2";
				TEST_TARGET_NAME = NYtimes;
			};
			name = Release;
		};
/* End XCBuildConfiguration section */

/* Begin XCConfigurationList section */
		09D121492211F005007D99C2 /* Build configuration list for PBXProject "NYtimes" */ = {
			isa = XCConfigurationList;
			buildConfigurations = (
				09D121742211F007007D99C2 /* Debug */,
				09D121752211F007007D99C2 /* Release */,
			);
			defaultConfigurationIsVisible = 0;
			defaultConfigurationName = Release;
		};
		09D121762211F007007D99C2 /* Build configuration list for PBXNativeTarget "NYtimes" */ = {
			isa = XCConfigurationList;
			buildConfigurations = (
				09D121772211F007007D99C2 /* Debug */,
				09D121782211F007007D99C2 /* Release */,
			);
			defaultConfigurationIsVisible = 0;
			defaultConfigurationName = Release;
		};
		09D121792211F007007D99C2 /* Build configuration list for PBXNativeTarget "NYtimesTests" */ = {
			isa = XCConfigurationList;
			buildConfigurations = (
				09D1217A2211F007007D99C2 /* Debug */,
				09D1217B2211F007007D99C2 /* Release */,
			);
			defaultConfigurationIsVisible = 0;
			defaultConfigurationName = Release;
		};
		09D1217C2211F007007D99C2 /* Build configuration list for PBXNativeTarget "NYtimesUITests" */ = {
			isa = XCConfigurationList;
			buildConfigurations = (
				09D1217D2211F007007D99C2 /* Debug */,
				09D1217E2211F007007D99C2 /* Release */,
			);
			defaultConfigurationIsVisible = 0;
			defaultConfigurationName = Release;
		};
/* End XCConfigurationList section */
	};
	rootObject = 09D121462211F005007D99C2 /* Project object */;
}
