// !$*UTF8*$!
{
	archiveVersion = 1;
	classes = {
	};
	objectVersion = 50;
	objects = {

/* Begin PBXBuildFile section */
		09D121522211F005007D99C2 /* AppDelegate.swift in Sources */ = {isa = PBXBuildFile; fileRef = 09D121512211F005007D99C2 /* AppDelegate.swift */; };
		09D121592211F007007D99C2 /* Assets.xcassets in Resources */ = {isa = PBXBuildFile; fileRef = 09D121582211F007007D99C2 /* Assets.xcassets */; };
		09D1215C2211F007007D99C2 /* LaunchScreen.storyboard in Resources */ = {isa = PBXBuildFile; fileRef = 09D1215A2211F007007D99C2 /* LaunchScreen.storyboard */; };
		09D121672211F007007D99C2 /* NYtimesTests.swift in Sources */ = {isa = PBXBuildFile; fileRef = 09D121662211F007007D99C2 /* NYtimesTests.swift */; };
		09D121722211F007007D99C2 /* NYtimesUITests.swift in Sources */ = {isa = PBXBuildFile; fileRef = 09D121712211F007007D99C2 /* NYtimesUITests.swift */; };
		09F9D9182211FEB700A1C822 /* AppContext.swift in Sources */ = {isa = PBXBuildFile; fileRef = 09F9D9172211FEB700A1C822 /* AppContext.swift */; };
		09F9D91A221211A700A1C822 /* Coordinator.swift in Sources */ = {isa = PBXBuildFile; fileRef = 09F9D919221211A700A1C822 /* Coordinator.swift */; };
		09F9D91C22121FBE00A1C822 /* ApplicationCoordinator.swift in Sources */ = {isa = PBXBuildFile; fileRef = 09F9D91B22121FBE00A1C822 /* ApplicationCoordinator.swift */; };
		09F9D9212212218900A1C822 /* HomeViewController.swift in Sources */ = {isa = PBXBuildFile; fileRef = 09F9D9202212218900A1C822 /* HomeViewController.swift */; };
		09F9D923221221A900A1C822 /* HomeViewModel.swift in Sources */ = {isa = PBXBuildFile; fileRef = 09F9D922221221A900A1C822 /* HomeViewModel.swift */; };
		09F9D925221222B400A1C822 /* UIView+Anchors.swift in Sources */ = {isa = PBXBuildFile; fileRef = 09F9D924221222B400A1C822 /* UIView+Anchors.swift */; };
		09F9D92722122A4800A1C822 /* ApiClient.swift in Sources */ = {isa = PBXBuildFile; fileRef = 09F9D92622122A4800A1C822 /* ApiClient.swift */; };
		09F9D92A22122D2200A1C822 /* ApiEnums.swift in Sources */ = {isa = PBXBuildFile; fileRef = 09F9D92922122D2200A1C822 /* ApiEnums.swift */; };
		09F9D92C2212308500A1C822 /* ApiClient+MostViewed.swift in Sources */ = {isa = PBXBuildFile; fileRef = 09F9D92B2212308500A1C822 /* ApiClient+MostViewed.swift */; };
		09F9D9302212325700A1C822 /* MostViewedResult.swift in Sources */ = {isa = PBXBuildFile; fileRef = 09F9D92F2212325700A1C822 /* MostViewedResult.swift */; };
		09F9D9322212362300A1C822 /* HomeView.swift in Sources */ = {isa = PBXBuildFile; fileRef = 09F9D9312212362300A1C822 /* HomeView.swift */; };
		09F9D935221238F500A1C822 /* ColorPallete.swift in Sources */ = {isa = PBXBuildFile; fileRef = 09F9D934221238F500A1C822 /* ColorPallete.swift */; };
		09F9D9372212392100A1C822 /* UIColor+Components.swift in Sources */ = {isa = PBXBuildFile; fileRef = 09F9D9362212392100A1C822 /* UIColor+Components.swift */; };
		09F9D93A22123DE200A1C822 /* NewsCell.swift in Sources */ = {isa = PBXBuildFile; fileRef = 09F9D93922123DE200A1C822 /* NewsCell.swift */; };
		09F9D93C22123E0600A1C822 /* NewsCellModel.swift in Sources */ = {isa = PBXBuildFile; fileRef = 09F9D93B22123E0600A1C822 /* NewsCellModel.swift */; };
		09F9D93F22123E6100A1C822 /* ReusableView.swift in Sources */ = {isa = PBXBuildFile; fileRef = 09F9D93E22123E6100A1C822 /* ReusableView.swift */; };
		09F9D94122123F2800A1C822 /* UITableView+Reusable.swift in Sources */ = {isa = PBXBuildFile; fileRef = 09F9D94022123F2800A1C822 /* UITableView+Reusable.swift */; };
		09F9D943221247E900A1C822 /* UIView+Busy.swift in Sources */ = {isa = PBXBuildFile; fileRef = 09F9D942221247E900A1C822 /* UIView+Busy.swift */; };
		09F9D94522124F8800A1C822 /* UIImageView+Alamofire.swift in Sources */ = {isa = PBXBuildFile; fileRef = 09F9D94422124F8800A1C822 /* UIImageView+Alamofire.swift */; };
		09F9D9472212517300A1C822 /* UIView+Shadow.swift in Sources */ = {isa = PBXBuildFile; fileRef = 09F9D9462212517300A1C822 /* UIView+Shadow.swift */; };
		7D41B8B57E25623585415F30 /* Pods_NYtimesUITests.framework in Frameworks */ = {isa = PBXBuildFile; fileRef = DFF3863261B8B27FA6DFA1F7 /* Pods_NYtimesUITests.framework */; };
		8F5AF97234AFA36FBF601302 /* Pods_NYtimesTests.framework in Frameworks */ = {isa = PBXBuildFile; fileRef = 6E34816B087A12B2202954C5 /* Pods_NYtimesTests.framework */; };
		BA7F0B4552EAF56CBE187210 /* Pods_NYtimes.framework in Frameworks */ = {isa = PBXBuildFile; fileRef = C0457E11182EE5CCFBB8F7E6 /* Pods_NYtimes.framework */; };
/* End PBXBuildFile section */

/* Begin PBXContainerItemProxy section */
		09D121632211F007007D99C2 /* PBXContainerItemProxy */ = {
			isa = PBXContainerItemProxy;
			containerPortal = 09D121462211F005007D99C2 /* Project object */;
			proxyType = 1;
			remoteGlobalIDString = 09D1214D2211F005007D99C2;
			remoteInfo = NYtimes;
		};
		09D1216E2211F007007D99C2 /* PBXContainerItemProxy */ = {
			isa = PBXContainerItemProxy;
			containerPortal = 09D121462211F005007D99C2 /* Project object */;
			proxyType = 1;
			remoteGlobalIDString = 09D1214D2211F005007D99C2;
			remoteInfo = NYtimes;
		};
/* End PBXContainerItemProxy section */

/* Begin PBXFileReference section */
		002B28AB20A465F23F1E70F0 /* Pods-NYtimesTests.release.xcconfig */ = {isa = PBXFileReference; includeInIndex = 1; lastKnownFileType = text.xcconfig; name = "Pods-NYtimesTests.release.xcconfig"; path = "Target Support Files/Pods-NYtimesTests/Pods-NYtimesTests.release.xcconfig"; sourceTree = "<group>"; };
		09D1214E2211F005007D99C2 /* NYtimes.app */ = {isa = PBXFileReference; explicitFileType = wrapper.application; includeInIndex = 0; path = NYtimes.app; sourceTree = BUILT_PRODUCTS_DIR; };
		09D121512211F005007D99C2 /* AppDelegate.swift */ = {isa = PBXFileReference; lastKnownFileType = sourcecode.swift; path = AppDelegate.swift; sourceTree = "<group>"; };
		09D121582211F007007D99C2 /* Assets.xcassets */ = {isa = PBXFileReference; lastKnownFileType = folder.assetcatalog; path = Assets.xcassets; sourceTree = "<group>"; };
		09D1215B2211F007007D99C2 /* Base */ = {isa = PBXFileReference; lastKnownFileType = file.storyboard; name = Base; path = Base.lproj/LaunchScreen.storyboard; sourceTree = "<group>"; };
		09D1215D2211F007007D99C2 /* Info.plist */ = {isa = PBXFileReference; lastKnownFileType = text.plist.xml; path = Info.plist; sourceTree = "<group>"; };
		09D121622211F007007D99C2 /* NYtimesTests.xctest */ = {isa = PBXFileReference; explicitFileType = wrapper.cfbundle; includeInIndex = 0; path = NYtimesTests.xctest; sourceTree = BUILT_PRODUCTS_DIR; };
		09D121662211F007007D99C2 /* NYtimesTests.swift */ = {isa = PBXFileReference; lastKnownFileType = sourcecode.swift; path = NYtimesTests.swift; sourceTree = "<group>"; };
		09D121682211F007007D99C2 /* Info.plist */ = {isa = PBXFileReference; lastKnownFileType = text.plist.xml; path = Info.plist; sourceTree = "<group>"; };
		09D1216D2211F007007D99C2 /* NYtimesUITests.xctest */ = {isa = PBXFileReference; explicitFileType = wrapper.cfbundle; includeInIndex = 0; path = NYtimesUITests.xctest; sourceTree = BUILT_PRODUCTS_DIR; };
		09D121712211F007007D99C2 /* NYtimesUITests.swift */ = {isa = PBXFileReference; lastKnownFileType = sourcecode.swift; path = NYtimesUITests.swift; sourceTree = "<group>"; };
		09D121732211F007007D99C2 /* Info.plist */ = {isa = PBXFileReference; lastKnownFileType = text.plist.xml; path = Info.plist; sourceTree = "<group>"; };
		09F9D9172211FEB700A1C822 /* AppContext.swift */ = {isa = PBXFileReference; lastKnownFileType = sourcecode.swift; path = AppContext.swift; sourceTree = "<group>"; };
		09F9D919221211A700A1C822 /* Coordinator.swift */ = {isa = PBXFileReference; lastKnownFileType = sourcecode.swift; path = Coordinator.swift; sourceTree = "<group>"; };
		09F9D91B22121FBE00A1C822 /* ApplicationCoordinator.swift */ = {isa = PBXFileReference; lastKnownFileType = sourcecode.swift; path = ApplicationCoordinator.swift; sourceTree = "<group>"; };
		09F9D9202212218900A1C822 /* HomeViewController.swift */ = {isa = PBXFileReference; lastKnownFileType = sourcecode.swift; path = HomeViewController.swift; sourceTree = "<group>"; };
		09F9D922221221A900A1C822 /* HomeViewModel.swift */ = {isa = PBXFileReference; lastKnownFileType = sourcecode.swift; path = HomeViewModel.swift; sourceTree = "<group>"; };
		09F9D924221222B400A1C822 /* UIView+Anchors.swift */ = {isa = PBXFileReference; lastKnownFileType = sourcecode.swift; path = "UIView+Anchors.swift"; sourceTree = "<group>"; };
		09F9D92622122A4800A1C822 /* ApiClient.swift */ = {isa = PBXFileReference; lastKnownFileType = sourcecode.swift; path = ApiClient.swift; sourceTree = "<group>"; };
		09F9D92922122D2200A1C822 /* ApiEnums.swift */ = {isa = PBXFileReference; lastKnownFileType = sourcecode.swift; path = ApiEnums.swift; sourceTree = "<group>"; };
		09F9D92B2212308500A1C822 /* ApiClient+MostViewed.swift */ = {isa = PBXFileReference; lastKnownFileType = sourcecode.swift; path = "ApiClient+MostViewed.swift"; sourceTree = "<group>"; };
		09F9D92F2212325700A1C822 /* MostViewedResult.swift */ = {isa = PBXFileReference; lastKnownFileType = sourcecode.swift; path = MostViewedResult.swift; sourceTree = "<group>"; };
		09F9D9312212362300A1C822 /* HomeView.swift */ = {isa = PBXFileReference; lastKnownFileType = sourcecode.swift; path = HomeView.swift; sourceTree = "<group>"; };
		09F9D934221238F500A1C822 /* ColorPallete.swift */ = {isa = PBXFileReference; lastKnownFileType = sourcecode.swift; path = ColorPallete.swift; sourceTree = "<group>"; };
		09F9D9362212392100A1C822 /* UIColor+Components.swift */ = {isa = PBXFileReference; lastKnownFileType = sourcecode.swift; path = "UIColor+Components.swift"; sourceTree = "<group>"; };
		09F9D93922123DE200A1C822 /* NewsCell.swift */ = {isa = PBXFileReference; lastKnownFileType = sourcecode.swift; path = NewsCell.swift; sourceTree = "<group>"; };
		09F9D93B22123E0600A1C822 /* NewsCellModel.swift */ = {isa = PBXFileReference; lastKnownFileType = sourcecode.swift; path = NewsCellModel.swift; sourceTree = "<group>"; };
		09F9D93E22123E6100A1C822 /* ReusableView.swift */ = {isa = PBXFileReference; lastKnownFileType = sourcecode.swift; path = ReusableView.swift; sourceTree = "<group>"; };
		09F9D94022123F2800A1C822 /* UITableView+Reusable.swift */ = {isa = PBXFileReference; lastKnownFileType = sourcecode.swift; path = "UITableView+Reusable.swift"; sourceTree = "<group>"; };
		09F9D942221247E900A1C822 /* UIView+Busy.swift */ = {isa = PBXFileReference; lastKnownFileType = sourcecode.swift; path = "UIView+Busy.swift"; sourceTree = "<group>"; };
		09F9D94422124F8800A1C822 /* UIImageView+Alamofire.swift */ = {isa = PBXFileReference; lastKnownFileType = sourcecode.swift; path = "UIImageView+Alamofire.swift"; sourceTree = "<group>"; };
		09F9D9462212517300A1C822 /* UIView+Shadow.swift */ = {isa = PBXFileReference; lastKnownFileType = sourcecode.swift; path = "UIView+Shadow.swift"; sourceTree = "<group>"; };
		5C33CFE1A3B88B90E853FFB9 /* Pods-NYtimesUITests.debug.xcconfig */ = {isa = PBXFileReference; includeInIndex = 1; lastKnownFileType = text.xcconfig; name = "Pods-NYtimesUITests.debug.xcconfig"; path = "Target Support Files/Pods-NYtimesUITests/Pods-NYtimesUITests.debug.xcconfig"; sourceTree = "<group>"; };
		6E34816B087A12B2202954C5 /* Pods_NYtimesTests.framework */ = {isa = PBXFileReference; explicitFileType = wrapper.framework; includeInIndex = 0; path = Pods_NYtimesTests.framework; sourceTree = BUILT_PRODUCTS_DIR; };
		75488E84AFA11104E915797D /* Pods-NYtimes.debug.xcconfig */ = {isa = PBXFileReference; includeInIndex = 1; lastKnownFileType = text.xcconfig; name = "Pods-NYtimes.debug.xcconfig"; path = "Target Support Files/Pods-NYtimes/Pods-NYtimes.debug.xcconfig"; sourceTree = "<group>"; };
		C0457E11182EE5CCFBB8F7E6 /* Pods_NYtimes.framework */ = {isa = PBXFileReference; explicitFileType = wrapper.framework; includeInIndex = 0; path = Pods_NYtimes.framework; sourceTree = BUILT_PRODUCTS_DIR; };
		D45585C2519A599272044B07 /* Pods-NYtimes.release.xcconfig */ = {isa = PBXFileReference; includeInIndex = 1; lastKnownFileType = text.xcconfig; name = "Pods-NYtimes.release.xcconfig"; path = "Target Support Files/Pods-NYtimes/Pods-NYtimes.release.xcconfig"; sourceTree = "<group>"; };
		D7AFFDDC0E8FF3E1CC4F0222 /* Pods-NYtimesTests.debug.xcconfig */ = {isa = PBXFileReference; includeInIndex = 1; lastKnownFileType = text.xcconfig; name = "Pods-NYtimesTests.debug.xcconfig"; path = "Target Support Files/Pods-NYtimesTests/Pods-NYtimesTests.debug.xcconfig"; sourceTree = "<group>"; };
		DFF3863261B8B27FA6DFA1F7 /* Pods_NYtimesUITests.framework */ = {isa = PBXFileReference; explicitFileType = wrapper.framework; includeInIndex = 0; path = Pods_NYtimesUITests.framework; sourceTree = BUILT_PRODUCTS_DIR; };
		EEDC09E4836170067E2F344D /* Pods-NYtimesUITests.release.xcconfig */ = {isa = PBXFileReference; includeInIndex = 1; lastKnownFileType = text.xcconfig; name = "Pods-NYtimesUITests.release.xcconfig"; path = "Target Support Files/Pods-NYtimesUITests/Pods-NYtimesUITests.release.xcconfig"; sourceTree = "<group>"; };
/* End PBXFileReference section */

/* Begin PBXFrameworksBuildPhase section */
		09D1214B2211F005007D99C2 /* Frameworks */ = {
			isa = PBXFrameworksBuildPhase;
			buildActionMask = 2147483647;
			files = (
				BA7F0B4552EAF56CBE187210 /* Pods_NYtimes.framework in Frameworks */,
			);
			runOnlyForDeploymentPostprocessing = 0;
		};
		09D1215F2211F007007D99C2 /* Frameworks */ = {
			isa = PBXFrameworksBuildPhase;
			buildActionMask = 2147483647;
			files = (
				8F5AF97234AFA36FBF601302 /* Pods_NYtimesTests.framework in Frameworks */,
			);
			runOnlyForDeploymentPostprocessing = 0;
		};
		09D1216A2211F007007D99C2 /* Frameworks */ = {
			isa = PBXFrameworksBuildPhase;
			buildActionMask = 2147483647;
			files = (
				7D41B8B57E25623585415F30 /* Pods_NYtimesUITests.framework in Frameworks */,
			);
			runOnlyForDeploymentPostprocessing = 0;
		};
/* End PBXFrameworksBuildPhase section */

/* Begin PBXGroup section */
		09D121452211F005007D99C2 = {
			isa = PBXGroup;
			children = (
				09D121502211F005007D99C2 /* NYtimes */,
				09D121652211F007007D99C2 /* NYtimesTests */,
				09D121702211F007007D99C2 /* NYtimesUITests */,
				09D1214F2211F005007D99C2 /* Products */,
				FF730407354E3A4496118497 /* Pods */,
				CD35B48E7296B5CF4080AEB4 /* Frameworks */,
			);
			sourceTree = "<group>";
		};
		09D1214F2211F005007D99C2 /* Products */ = {
			isa = PBXGroup;
			children = (
				09D1214E2211F005007D99C2 /* NYtimes.app */,
				09D121622211F007007D99C2 /* NYtimesTests.xctest */,
				09D1216D2211F007007D99C2 /* NYtimesUITests.xctest */,
			);
			name = Products;
			sourceTree = "<group>";
		};
		09D121502211F005007D99C2 /* NYtimes */ = {
			isa = PBXGroup;
			children = (
				09F9D93D22123E3D00A1C822 /* Protocols */,
				09F9D91E2212217B00A1C822 /* Screens */,
				09F9D91D2212217500A1C822 /* Extensions */,
				09F9D9162211FEAC00A1C822 /* Core */,
				09F9D9152211FE0400A1C822 /* Resources */,
			);
			path = NYtimes;
			sourceTree = "<group>";
		};
		09D121652211F007007D99C2 /* NYtimesTests */ = {
			isa = PBXGroup;
			children = (
				09D121662211F007007D99C2 /* NYtimesTests.swift */,
				09D121682211F007007D99C2 /* Info.plist */,
			);
			path = NYtimesTests;
			sourceTree = "<group>";
		};
		09D121702211F007007D99C2 /* NYtimesUITests */ = {
			isa = PBXGroup;
			children = (
				09D121712211F007007D99C2 /* NYtimesUITests.swift */,
				09D121732211F007007D99C2 /* Info.plist */,
			);
			path = NYtimesUITests;
			sourceTree = "<group>";
		};
		09F9D9152211FE0400A1C822 /* Resources */ = {
			isa = PBXGroup;
			children = (
				09D121582211F007007D99C2 /* Assets.xcassets */,
				09D1215A2211F007007D99C2 /* LaunchScreen.storyboard */,
				09F9D934221238F500A1C822 /* ColorPallete.swift */,
			);
			path = Resources;
			sourceTree = "<group>";
		};
		09F9D9162211FEAC00A1C822 /* Core */ = {
			isa = PBXGroup;
			children = (
				09F9D92822122D0500A1C822 /* Api */,
				09D121512211F005007D99C2 /* AppDelegate.swift */,
				09F9D9172211FEB700A1C822 /* AppContext.swift */,
				09F9D919221211A700A1C822 /* Coordinator.swift */,
				09F9D91B22121FBE00A1C822 /* ApplicationCoordinator.swift */,
				09D1215D2211F007007D99C2 /* Info.plist */,
			);
			path = Core;
			sourceTree = "<group>";
		};
		09F9D91D2212217500A1C822 /* Extensions */ = {
			isa = PBXGroup;
			children = (
				09F9D942221247E900A1C822 /* UIView+Busy.swift */,
				09F9D94422124F8800A1C822 /* UIImageView+Alamofire.swift */,
				09F9D924221222B400A1C822 /* UIView+Anchors.swift */,
				09F9D9362212392100A1C822 /* UIColor+Components.swift */,
				09F9D94022123F2800A1C822 /* UITableView+Reusable.swift */,
				09F9D9462212517300A1C822 /* UIView+Shadow.swift */,
			);
			path = Extensions;
			sourceTree = "<group>";
		};
		09F9D91E2212217B00A1C822 /* Screens */ = {
			isa = PBXGroup;
			children = (
				09F9D91F2212217F00A1C822 /* Home */,
			);
			path = Screens;
			sourceTree = "<group>";
		};
		09F9D91F2212217F00A1C822 /* Home */ = {
			isa = PBXGroup;
			children = (
				09F9D93822123DD700A1C822 /* News cell */,
				09F9D9312212362300A1C822 /* HomeView.swift */,
				09F9D9202212218900A1C822 /* HomeViewController.swift */,
				09F9D922221221A900A1C822 /* HomeViewModel.swift */,
			);
			path = Home;
			sourceTree = "<group>";
		};
		09F9D92822122D0500A1C822 /* Api */ = {
			isa = PBXGroup;
			children = (
				09F9D92E221231A800A1C822 /* Models */,
				09F9D92D221231A000A1C822 /* Requests */,
				09F9D92622122A4800A1C822 /* ApiClient.swift */,
				09F9D92922122D2200A1C822 /* ApiEnums.swift */,
			);
			path = Api;
			sourceTree = "<group>";
		};
		09F9D92D221231A000A1C822 /* Requests */ = {
			isa = PBXGroup;
			children = (
				09F9D92B2212308500A1C822 /* ApiClient+MostViewed.swift */,
			);
			path = Requests;
			sourceTree = "<group>";
		};
		09F9D92E221231A800A1C822 /* Models */ = {
			isa = PBXGroup;
			children = (
				09F9D92F2212325700A1C822 /* MostViewedResult.swift */,
			);
			path = Models;
			sourceTree = "<group>";
		};
		09F9D93822123DD700A1C822 /* News cell */ = {
			isa = PBXGroup;
			children = (
				09F9D93922123DE200A1C822 /* NewsCell.swift */,
				09F9D93B22123E0600A1C822 /* NewsCellModel.swift */,
			);
			path = "News cell";
			sourceTree = "<group>";
		};
		09F9D93D22123E3D00A1C822 /* Protocols */ = {
			isa = PBXGroup;
			children = (
				09F9D93E22123E6100A1C822 /* ReusableView.swift */,
			);
			path = Protocols;
			sourceTree = "<group>";
		};
		CD35B48E7296B5CF4080AEB4 /* Frameworks */ = {
			isa = PBXGroup;
			children = (
				C0457E11182EE5CCFBB8F7E6 /* Pods_NYtimes.framework */,
				6E34816B087A12B2202954C5 /* Pods_NYtimesTests.framework */,
				DFF3863261B8B27FA6DFA1F7 /* Pods_NYtimesUITests.framework */,
			);
			name = Frameworks;
			sourceTree = "<group>";
		};
		FF730407354E3A4496118497 /* Pods */ = {
			isa = PBXGroup;
			children = (
				75488E84AFA11104E915797D /* Pods-NYtimes.debug.xcconfig */,
				D45585C2519A599272044B07 /* Pods-NYtimes.release.xcconfig */,
				D7AFFDDC0E8FF3E1CC4F0222 /* Pods-NYtimesTests.debug.xcconfig */,
				002B28AB20A465F23F1E70F0 /* Pods-NYtimesTests.release.xcconfig */,
				5C33CFE1A3B88B90E853FFB9 /* Pods-NYtimesUITests.debug.xcconfig */,
				EEDC09E4836170067E2F344D /* Pods-NYtimesUITests.release.xcconfig */,
			);
			path = Pods;
			sourceTree = "<group>";
		};
/* End PBXGroup section */

/* Begin PBXNativeTarget section */
		09D1214D2211F005007D99C2 /* NYtimes */ = {
			isa = PBXNativeTarget;
			buildConfigurationList = 09D121762211F007007D99C2 /* Build configuration list for PBXNativeTarget "NYtimes" */;
			buildPhases = (
				587A72686539F87BDAE6EDE3 /* [CP] Check Pods Manifest.lock */,
				09D1214A2211F005007D99C2 /* Sources */,
				09D1214B2211F005007D99C2 /* Frameworks */,
				09D1214C2211F005007D99C2 /* Resources */,
				59F78C102105610EC636F348 /* [CP] Embed Pods Frameworks */,
			);
			buildRules = (
			);
			dependencies = (
			);
			name = NYtimes;
			productName = NYtimes;
			productReference = 09D1214E2211F005007D99C2 /* NYtimes.app */;
			productType = "com.apple.product-type.application";
		};
		09D121612211F007007D99C2 /* NYtimesTests */ = {
			isa = PBXNativeTarget;
			buildConfigurationList = 09D121792211F007007D99C2 /* Build configuration list for PBXNativeTarget "NYtimesTests" */;
			buildPhases = (
				6D269949358B63A499481BE5 /* [CP] Check Pods Manifest.lock */,
				09D1215E2211F007007D99C2 /* Sources */,
				09D1215F2211F007007D99C2 /* Frameworks */,
				09D121602211F007007D99C2 /* Resources */,
			);
			buildRules = (
			);
			dependencies = (
				09D121642211F007007D99C2 /* PBXTargetDependency */,
			);
			name = NYtimesTests;
			productName = NYtimesTests;
			productReference = 09D121622211F007007D99C2 /* NYtimesTests.xctest */;
			productType = "com.apple.product-type.bundle.unit-test";
		};
		09D1216C2211F007007D99C2 /* NYtimesUITests */ = {
			isa = PBXNativeTarget;
			buildConfigurationList = 09D1217C2211F007007D99C2 /* Build configuration list for PBXNativeTarget "NYtimesUITests" */;
			buildPhases = (
				CA360F529D8D23C5F8DD8DB8 /* [CP] Check Pods Manifest.lock */,
				09D121692211F007007D99C2 /* Sources */,
				09D1216A2211F007007D99C2 /* Frameworks */,
				09D1216B2211F007007D99C2 /* Resources */,
			);
			buildRules = (
			);
			dependencies = (
				09D1216F2211F007007D99C2 /* PBXTargetDependency */,
			);
			name = NYtimesUITests;
			productName = NYtimesUITests;
			productReference = 09D1216D2211F007007D99C2 /* NYtimesUITests.xctest */;
			productType = "com.apple.product-type.bundle.ui-testing";
		};
/* End PBXNativeTarget section */

/* Begin PBXProject section */
		09D121462211F005007D99C2 /* Project object */ = {
			isa = PBXProject;
			attributes = {
				LastSwiftUpdateCheck = 1010;
				LastUpgradeCheck = 1010;
				ORGANIZATIONNAME = "Michał Mańkus";
				TargetAttributes = {
					09D1214D2211F005007D99C2 = {
						CreatedOnToolsVersion = 10.1;
					};
					09D121612211F007007D99C2 = {
						CreatedOnToolsVersion = 10.1;
						TestTargetID = 09D1214D2211F005007D99C2;
					};
					09D1216C2211F007007D99C2 = {
						CreatedOnToolsVersion = 10.1;
						TestTargetID = 09D1214D2211F005007D99C2;
					};
				};
			};
			buildConfigurationList = 09D121492211F005007D99C2 /* Build configuration list for PBXProject "NYtimes" */;
			compatibilityVersion = "Xcode 9.3";
			developmentRegion = en;
			hasScannedForEncodings = 0;
			knownRegions = (
				en,
				Base,
			);
			mainGroup = 09D121452211F005007D99C2;
			productRefGroup = 09D1214F2211F005007D99C2 /* Products */;
			projectDirPath = "";
			projectRoot = "";
			targets = (
				09D1214D2211F005007D99C2 /* NYtimes */,
				09D121612211F007007D99C2 /* NYtimesTests */,
				09D1216C2211F007007D99C2 /* NYtimesUITests */,
			);
		};
/* End PBXProject section */

/* Begin PBXResourcesBuildPhase section */
		09D1214C2211F005007D99C2 /* Resources */ = {
			isa = PBXResourcesBuildPhase;
			buildActionMask = 2147483647;
			files = (
				09D1215C2211F007007D99C2 /* LaunchScreen.storyboard in Resources */,
				09D121592211F007007D99C2 /* Assets.xcassets in Resources */,
			);
			runOnlyForDeploymentPostprocessing = 0;
		};
		09D121602211F007007D99C2 /* Resources */ = {
			isa = PBXResourcesBuildPhase;
			buildActionMask = 2147483647;
			files = (
			);
			runOnlyForDeploymentPostprocessing = 0;
		};
		09D1216B2211F007007D99C2 /* Resources */ = {
			isa = PBXResourcesBuildPhase;
			buildActionMask = 2147483647;
			files = (
			);
			runOnlyForDeploymentPostprocessing = 0;
		};
/* End PBXResourcesBuildPhase section */

/* Begin PBXShellScriptBuildPhase section */
		587A72686539F87BDAE6EDE3 /* [CP] Check Pods Manifest.lock */ = {
			isa = PBXShellScriptBuildPhase;
			buildActionMask = 2147483647;
			files = (
			);
			inputFileListPaths = (
			);
			inputPaths = (
				"${PODS_PODFILE_DIR_PATH}/Podfile.lock",
				"${PODS_ROOT}/Manifest.lock",
			);
			name = "[CP] Check Pods Manifest.lock";
			outputFileListPaths = (
			);
			outputPaths = (
				"$(DERIVED_FILE_DIR)/Pods-NYtimes-checkManifestLockResult.txt",
			);
			runOnlyForDeploymentPostprocessing = 0;
			shellPath = /bin/sh;
			shellScript = "diff \"${PODS_PODFILE_DIR_PATH}/Podfile.lock\" \"${PODS_ROOT}/Manifest.lock\" > /dev/null\nif [ $? != 0 ] ; then\n    # print error to STDERR\n    echo \"error: The sandbox is not in sync with the Podfile.lock. Run 'pod install' or update your CocoaPods installation.\" >&2\n    exit 1\nfi\n# This output is used by Xcode 'outputs' to avoid re-running this script phase.\necho \"SUCCESS\" > \"${SCRIPT_OUTPUT_FILE_0}\"\n";
			showEnvVarsInLog = 0;
		};
		59F78C102105610EC636F348 /* [CP] Embed Pods Frameworks */ = {
			isa = PBXShellScriptBuildPhase;
			buildActionMask = 2147483647;
			files = (
			);
			inputFileListPaths = (
			);
			inputPaths = (
				"${PODS_ROOT}/Target Support Files/Pods-NYtimes/Pods-NYtimes-frameworks.sh",
				"${BUILT_PRODUCTS_DIR}/Alamofire/Alamofire.framework",
				"${BUILT_PRODUCTS_DIR}/AlamofireImage/AlamofireImage.framework",
			);
			name = "[CP] Embed Pods Frameworks";
			outputFileListPaths = (
			);
			outputPaths = (
				"${TARGET_BUILD_DIR}/${FRAMEWORKS_FOLDER_PATH}/Alamofire.framework",
				"${TARGET_BUILD_DIR}/${FRAMEWORKS_FOLDER_PATH}/AlamofireImage.framework",
			);
			runOnlyForDeploymentPostprocessing = 0;
			shellPath = /bin/sh;
			shellScript = "\"${PODS_ROOT}/Target Support Files/Pods-NYtimes/Pods-NYtimes-frameworks.sh\"\n";
			showEnvVarsInLog = 0;
		};
		6D269949358B63A499481BE5 /* [CP] Check Pods Manifest.lock */ = {
			isa = PBXShellScriptBuildPhase;
			buildActionMask = 2147483647;
			files = (
			);
			inputFileListPaths = (
			);
			inputPaths = (
				"${PODS_PODFILE_DIR_PATH}/Podfile.lock",
				"${PODS_ROOT}/Manifest.lock",
			);
			name = "[CP] Check Pods Manifest.lock";
			outputFileListPaths = (
			);
			outputPaths = (
				"$(DERIVED_FILE_DIR)/Pods-NYtimesTests-checkManifestLockResult.txt",
			);
			runOnlyForDeploymentPostprocessing = 0;
			shellPath = /bin/sh;
			shellScript = "diff \"${PODS_PODFILE_DIR_PATH}/Podfile.lock\" \"${PODS_ROOT}/Manifest.lock\" > /dev/null\nif [ $? != 0 ] ; then\n    # print error to STDERR\n    echo \"error: The sandbox is not in sync with the Podfile.lock. Run 'pod install' or update your CocoaPods installation.\" >&2\n    exit 1\nfi\n# This output is used by Xcode 'outputs' to avoid re-running this script phase.\necho \"SUCCESS\" > \"${SCRIPT_OUTPUT_FILE_0}\"\n";
			showEnvVarsInLog = 0;
		};
		CA360F529D8D23C5F8DD8DB8 /* [CP] Check Pods Manifest.lock */ = {
			isa = PBXShellScriptBuildPhase;
			buildActionMask = 2147483647;
			files = (
			);
			inputFileListPaths = (
			);
			inputPaths = (
				"${PODS_PODFILE_DIR_PATH}/Podfile.lock",
				"${PODS_ROOT}/Manifest.lock",
			);
			name = "[CP] Check Pods Manifest.lock";
			outputFileListPaths = (
			);
			outputPaths = (
				"$(DERIVED_FILE_DIR)/Pods-NYtimesUITests-checkManifestLockResult.txt",
			);
			runOnlyForDeploymentPostprocessing = 0;
			shellPath = /bin/sh;
			shellScript = "diff \"${PODS_PODFILE_DIR_PATH}/Podfile.lock\" \"${PODS_ROOT}/Manifest.lock\" > /dev/null\nif [ $? != 0 ] ; then\n    # print error to STDERR\n    echo \"error: The sandbox is not in sync with the Podfile.lock. Run 'pod install' or update your CocoaPods installation.\" >&2\n    exit 1\nfi\n# This output is used by Xcode 'outputs' to avoid re-running this script phase.\necho \"SUCCESS\" > \"${SCRIPT_OUTPUT_FILE_0}\"\n";
			showEnvVarsInLog = 0;
		};
/* End PBXShellScriptBuildPhase section */

/* Begin PBXSourcesBuildPhase section */
		09D1214A2211F005007D99C2 /* Sources */ = {
			isa = PBXSourcesBuildPhase;
			buildActionMask = 2147483647;
			files = (
				09F9D92A22122D2200A1C822 /* ApiEnums.swift in Sources */,
				09F9D9372212392100A1C822 /* UIColor+Components.swift in Sources */,
				09F9D9212212218900A1C822 /* HomeViewController.swift in Sources */,
				09F9D935221238F500A1C822 /* ColorPallete.swift in Sources */,
				09F9D94122123F2800A1C822 /* UITableView+Reusable.swift in Sources */,
				09F9D94522124F8800A1C822 /* UIImageView+Alamofire.swift in Sources */,
				09F9D93A22123DE200A1C822 /* NewsCell.swift in Sources */,
				09F9D9472212517300A1C822 /* UIView+Shadow.swift in Sources */,
				09F9D943221247E900A1C822 /* UIView+Busy.swift in Sources */,
				09F9D92C2212308500A1C822 /* ApiClient+MostViewed.swift in Sources */,
				09F9D923221221A900A1C822 /* HomeViewModel.swift in Sources */,
				09F9D91C22121FBE00A1C822 /* ApplicationCoordinator.swift in Sources */,
				09F9D9302212325700A1C822 /* MostViewedResult.swift in Sources */,
				09F9D92722122A4800A1C822 /* ApiClient.swift in Sources */,
				09D121522211F005007D99C2 /* AppDelegate.swift in Sources */,
				09F9D9182211FEB700A1C822 /* AppContext.swift in Sources */,
				09F9D93F22123E6100A1C822 /* ReusableView.swift in Sources */,
				09F9D93C22123E0600A1C822 /* NewsCellModel.swift in Sources */,
				09F9D9322212362300A1C822 /* HomeView.swift in Sources */,
				09F9D91A221211A700A1C822 /* Coordinator.swift in Sources */,
				09F9D925221222B400A1C822 /* UIView+Anchors.swift in Sources */,
			);
			runOnlyForDeploymentPostprocessing = 0;
		};
		09D1215E2211F007007D99C2 /* Sources */ = {
			isa = PBXSourcesBuildPhase;
			buildActionMask = 2147483647;
			files = (
				09D121672211F007007D99C2 /* NYtimesTests.swift in Sources */,
			);
			runOnlyForDeploymentPostprocessing = 0;
		};
		09D121692211F007007D99C2 /* Sources */ = {
			isa = PBXSourcesBuildPhase;
			buildActionMask = 2147483647;
			files = (
				09D121722211F007007D99C2 /* NYtimesUITests.swift in Sources */,
			);
			runOnlyForDeploymentPostprocessing = 0;
		};
/* End PBXSourcesBuildPhase section */

/* Begin PBXTargetDependency section */
		09D121642211F007007D99C2 /* PBXTargetDependency */ = {
			isa = PBXTargetDependency;
			target = 09D1214D2211F005007D99C2 /* NYtimes */;
			targetProxy = 09D121632211F007007D99C2 /* PBXContainerItemProxy */;
		};
		09D1216F2211F007007D99C2 /* PBXTargetDependency */ = {
			isa = PBXTargetDependency;
			target = 09D1214D2211F005007D99C2 /* NYtimes */;
			targetProxy = 09D1216E2211F007007D99C2 /* PBXContainerItemProxy */;
		};
/* End PBXTargetDependency section */

/* Begin PBXVariantGroup section */
		09D1215A2211F007007D99C2 /* LaunchScreen.storyboard */ = {
			isa = PBXVariantGroup;
			children = (
				09D1215B2211F007007D99C2 /* Base */,
			);
			name = LaunchScreen.storyboard;
			sourceTree = "<group>";
		};
/* End PBXVariantGroup section */

/* Begin XCBuildConfiguration section */
		09D121742211F007007D99C2 /* Debug */ = {
			isa = XCBuildConfiguration;
			buildSettings = {
				ALWAYS_SEARCH_USER_PATHS = NO;
				CLANG_ANALYZER_NONNULL = YES;
				CLANG_ANALYZER_NUMBER_OBJECT_CONVERSION = YES_AGGRESSIVE;
				CLANG_CXX_LANGUAGE_STANDARD = "gnu++14";
				CLANG_CXX_LIBRARY = "libc++";
				CLANG_ENABLE_MODULES = YES;
				CLANG_ENABLE_OBJC_ARC = YES;
				CLANG_ENABLE_OBJC_WEAK = YES;
				CLANG_WARN_BLOCK_CAPTURE_AUTORELEASING = YES;
				CLANG_WARN_BOOL_CONVERSION = YES;
				CLANG_WARN_COMMA = YES;
				CLANG_WARN_CONSTANT_CONVERSION = YES;
				CLANG_WARN_DEPRECATED_OBJC_IMPLEMENTATIONS = YES;
				CLANG_WARN_DIRECT_OBJC_ISA_USAGE = YES_ERROR;
				CLANG_WARN_DOCUMENTATION_COMMENTS = YES;
				CLANG_WARN_EMPTY_BODY = YES;
				CLANG_WARN_ENUM_CONVERSION = YES;
				CLANG_WARN_INFINITE_RECURSION = YES;
				CLANG_WARN_INT_CONVERSION = YES;
				CLANG_WARN_NON_LITERAL_NULL_CONVERSION = YES;
				CLANG_WARN_OBJC_IMPLICIT_RETAIN_SELF = YES;
				CLANG_WARN_OBJC_LITERAL_CONVERSION = YES;
				CLANG_WARN_OBJC_ROOT_CLASS = YES_ERROR;
				CLANG_WARN_RANGE_LOOP_ANALYSIS = YES;
				CLANG_WARN_STRICT_PROTOTYPES = YES;
				CLANG_WARN_SUSPICIOUS_MOVE = YES;
				CLANG_WARN_UNGUARDED_AVAILABILITY = YES_AGGRESSIVE;
				CLANG_WARN_UNREACHABLE_CODE = YES;
				CLANG_WARN__DUPLICATE_METHOD_MATCH = YES;
				CODE_SIGN_IDENTITY = "iPhone Developer";
				COPY_PHASE_STRIP = NO;
				DEBUG_INFORMATION_FORMAT = dwarf;
				ENABLE_STRICT_OBJC_MSGSEND = YES;
				ENABLE_TESTABILITY = YES;
				GCC_C_LANGUAGE_STANDARD = gnu11;
				GCC_DYNAMIC_NO_PIC = NO;
				GCC_NO_COMMON_BLOCKS = YES;
				GCC_OPTIMIZATION_LEVEL = 0;
				GCC_PREPROCESSOR_DEFINITIONS = (
					"DEBUG=1",
					"$(inherited)",
				);
				GCC_WARN_64_TO_32_BIT_CONVERSION = YES;
				GCC_WARN_ABOUT_RETURN_TYPE = YES_ERROR;
				GCC_WARN_UNDECLARED_SELECTOR = YES;
				GCC_WARN_UNINITIALIZED_AUTOS = YES_AGGRESSIVE;
				GCC_WARN_UNUSED_FUNCTION = YES;
				GCC_WARN_UNUSED_VARIABLE = YES;
				IPHONEOS_DEPLOYMENT_TARGET = 11.0;
				MTL_ENABLE_DEBUG_INFO = INCLUDE_SOURCE;
				MTL_FAST_MATH = YES;
				ONLY_ACTIVE_ARCH = YES;
				SDKROOT = iphoneos;
				SWIFT_ACTIVE_COMPILATION_CONDITIONS = DEBUG;
				SWIFT_OPTIMIZATION_LEVEL = "-Onone";
			};
			name = Debug;
		};
		09D121752211F007007D99C2 /* Release */ = {
			isa = XCBuildConfiguration;
			buildSettings = {
				ALWAYS_SEARCH_USER_PATHS = NO;
				CLANG_ANALYZER_NONNULL = YES;
				CLANG_ANALYZER_NUMBER_OBJECT_CONVERSION = YES_AGGRESSIVE;
				CLANG_CXX_LANGUAGE_STANDARD = "gnu++14";
				CLANG_CXX_LIBRARY = "libc++";
				CLANG_ENABLE_MODULES = YES;
				CLANG_ENABLE_OBJC_ARC = YES;
				CLANG_ENABLE_OBJC_WEAK = YES;
				CLANG_WARN_BLOCK_CAPTURE_AUTORELEASING = YES;
				CLANG_WARN_BOOL_CONVERSION = YES;
				CLANG_WARN_COMMA = YES;
				CLANG_WARN_CONSTANT_CONVERSION = YES;
				CLANG_WARN_DEPRECATED_OBJC_IMPLEMENTATIONS = YES;
				CLANG_WARN_DIRECT_OBJC_ISA_USAGE = YES_ERROR;
				CLANG_WARN_DOCUMENTATION_COMMENTS = YES;
				CLANG_WARN_EMPTY_BODY = YES;
				CLANG_WARN_ENUM_CONVERSION = YES;
				CLANG_WARN_INFINITE_RECURSION = YES;
				CLANG_WARN_INT_CONVERSION = YES;
				CLANG_WARN_NON_LITERAL_NULL_CONVERSION = YES;
				CLANG_WARN_OBJC_IMPLICIT_RETAIN_SELF = YES;
				CLANG_WARN_OBJC_LITERAL_CONVERSION = YES;
				CLANG_WARN_OBJC_ROOT_CLASS = YES_ERROR;
				CLANG_WARN_RANGE_LOOP_ANALYSIS = YES;
				CLANG_WARN_STRICT_PROTOTYPES = YES;
				CLANG_WARN_SUSPICIOUS_MOVE = YES;
				CLANG_WARN_UNGUARDED_AVAILABILITY = YES_AGGRESSIVE;
				CLANG_WARN_UNREACHABLE_CODE = YES;
				CLANG_WARN__DUPLICATE_METHOD_MATCH = YES;
				CODE_SIGN_IDENTITY = "iPhone Developer";
				COPY_PHASE_STRIP = NO;
				DEBUG_INFORMATION_FORMAT = "dwarf-with-dsym";
				ENABLE_NS_ASSERTIONS = NO;
				ENABLE_STRICT_OBJC_MSGSEND = YES;
				GCC_C_LANGUAGE_STANDARD = gnu11;
				GCC_NO_COMMON_BLOCKS = YES;
				GCC_WARN_64_TO_32_BIT_CONVERSION = YES;
				GCC_WARN_ABOUT_RETURN_TYPE = YES_ERROR;
				GCC_WARN_UNDECLARED_SELECTOR = YES;
				GCC_WARN_UNINITIALIZED_AUTOS = YES_AGGRESSIVE;
				GCC_WARN_UNUSED_FUNCTION = YES;
				GCC_WARN_UNUSED_VARIABLE = YES;
				IPHONEOS_DEPLOYMENT_TARGET = 11.0;
				MTL_ENABLE_DEBUG_INFO = NO;
				MTL_FAST_MATH = YES;
				SDKROOT = iphoneos;
				SWIFT_COMPILATION_MODE = wholemodule;
				SWIFT_OPTIMIZATION_LEVEL = "-O";
				VALIDATE_PRODUCT = YES;
			};
			name = Release;
		};
		09D121772211F007007D99C2 /* Debug */ = {
			isa = XCBuildConfiguration;
			baseConfigurationReference = 75488E84AFA11104E915797D /* Pods-NYtimes.debug.xcconfig */;
			buildSettings = {
				ASSETCATALOG_COMPILER_APPICON_NAME = AppIcon;
				CODE_SIGN_STYLE = Automatic;
				DEVELOPMENT_TEAM = 8XXGMDE9L8;
				INFOPLIST_FILE = "$(SRCROOT)/NYtimes/Core/Info.plist";
				LD_RUNPATH_SEARCH_PATHS = (
					"$(inherited)",
					"@executable_path/Frameworks",
				);
				PRODUCT_BUNDLE_IDENTIFIER = devgaming.NYtimes;
				PRODUCT_NAME = "$(TARGET_NAME)";
				SWIFT_VERSION = 4.2;
				TARGETED_DEVICE_FAMILY = 1;
			};
			name = Debug;
		};
		09D121782211F007007D99C2 /* Release */ = {
			isa = XCBuildConfiguration;
			baseConfigurationReference = D45585C2519A599272044B07 /* Pods-NYtimes.release.xcconfig */;
			buildSettings = {
				ASSETCATALOG_COMPILER_APPICON_NAME = AppIcon;
				CODE_SIGN_STYLE = Automatic;
				DEVELOPMENT_TEAM = 8XXGMDE9L8;
				INFOPLIST_FILE = "$(SRCROOT)/NYtimes/Core/Info.plist";
				LD_RUNPATH_SEARCH_PATHS = (
					"$(inherited)",
					"@executable_path/Frameworks",
				);
				PRODUCT_BUNDLE_IDENTIFIER = devgaming.NYtimes;
				PRODUCT_NAME = "$(TARGET_NAME)";
				SWIFT_VERSION = 4.2;
				TARGETED_DEVICE_FAMILY = 1;
			};
			name = Release;
		};
		09D1217A2211F007007D99C2 /* Debug */ = {
			isa = XCBuildConfiguration;
			baseConfigurationReference = D7AFFDDC0E8FF3E1CC4F0222 /* Pods-NYtimesTests.debug.xcconfig */;
			buildSettings = {
				ALWAYS_EMBED_SWIFT_STANDARD_LIBRARIES = YES;
				BUNDLE_LOADER = "$(TEST_HOST)";
				CODE_SIGN_STYLE = Automatic;
				DEVELOPMENT_TEAM = 8XXGMDE9L8;
				INFOPLIST_FILE = NYtimesTests/Info.plist;
				LD_RUNPATH_SEARCH_PATHS = (
					"$(inherited)",
					"@executable_path/Frameworks",
					"@loader_path/Frameworks",
				);
				PRODUCT_BUNDLE_IDENTIFIER = devgaming.NYtimesTests;
				PRODUCT_NAME = "$(TARGET_NAME)";
				SWIFT_VERSION = 4.2;
				TARGETED_DEVICE_FAMILY = "1,2";
				TEST_HOST = "$(BUILT_PRODUCTS_DIR)/NYtimes.app/NYtimes";
			};
			name = Debug;
		};
		09D1217B2211F007007D99C2 /* Release */ = {
			isa = XCBuildConfiguration;
			baseConfigurationReference = 002B28AB20A465F23F1E70F0 /* Pods-NYtimesTests.release.xcconfig */;
			buildSettings = {
				ALWAYS_EMBED_SWIFT_STANDARD_LIBRARIES = YES;
				BUNDLE_LOADER = "$(TEST_HOST)";
				CODE_SIGN_STYLE = Automatic;
				DEVELOPMENT_TEAM = 8XXGMDE9L8;
				INFOPLIST_FILE = NYtimesTests/Info.plist;
				LD_RUNPATH_SEARCH_PATHS = (
					"$(inherited)",
					"@executable_path/Frameworks",
					"@loader_path/Frameworks",
				);
				PRODUCT_BUNDLE_IDENTIFIER = devgaming.NYtimesTests;
				PRODUCT_NAME = "$(TARGET_NAME)";
				SWIFT_VERSION = 4.2;
				TARGETED_DEVICE_FAMILY = "1,2";
				TEST_HOST = "$(BUILT_PRODUCTS_DIR)/NYtimes.app/NYtimes";
			};
			name = Release;
		};
		09D1217D2211F007007D99C2 /* Debug */ = {
			isa = XCBuildConfiguration;
			baseConfigurationReference = 5C33CFE1A3B88B90E853FFB9 /* Pods-NYtimesUITests.debug.xcconfig */;
			buildSettings = {
				ALWAYS_EMBED_SWIFT_STANDARD_LIBRARIES = YES;
				CODE_SIGN_STYLE = Automatic;
				DEVELOPMENT_TEAM = 8XXGMDE9L8;
				INFOPLIST_FILE = NYtimesUITests/Info.plist;
				LD_RUNPATH_SEARCH_PATHS = (
					"$(inherited)",
					"@executable_path/Frameworks",
					"@loader_path/Frameworks",
				);
				PRODUCT_BUNDLE_IDENTIFIER = devgaming.NYtimesUITests;
				PRODUCT_NAME = "$(TARGET_NAME)";
				SWIFT_VERSION = 4.2;
				TARGETED_DEVICE_FAMILY = "1,2";
				TEST_TARGET_NAME = NYtimes;
			};
			name = Debug;
		};
		09D1217E2211F007007D99C2 /* Release */ = {
			isa = XCBuildConfiguration;
			baseConfigurationReference = EEDC09E4836170067E2F344D /* Pods-NYtimesUITests.release.xcconfig */;
			buildSettings = {
				ALWAYS_EMBED_SWIFT_STANDARD_LIBRARIES = YES;
				CODE_SIGN_STYLE = Automatic;
				DEVELOPMENT_TEAM = 8XXGMDE9L8;
				INFOPLIST_FILE = NYtimesUITests/Info.plist;
				LD_RUNPATH_SEARCH_PATHS = (
					"$(inherited)",
					"@executable_path/Frameworks",
					"@loader_path/Frameworks",
				);
				PRODUCT_BUNDLE_IDENTIFIER = devgaming.NYtimesUITests;
				PRODUCT_NAME = "$(TARGET_NAME)";
				SWIFT_VERSION = 4.2;
				TARGETED_DEVICE_FAMILY = "1,2";
				TEST_TARGET_NAME = NYtimes;
			};
			name = Release;
		};
/* End XCBuildConfiguration section */

/* Begin XCConfigurationList section */
		09D121492211F005007D99C2 /* Build configuration list for PBXProject "NYtimes" */ = {
			isa = XCConfigurationList;
			buildConfigurations = (
				09D121742211F007007D99C2 /* Debug */,
				09D121752211F007007D99C2 /* Release */,
			);
			defaultConfigurationIsVisible = 0;
			defaultConfigurationName = Release;
		};
		09D121762211F007007D99C2 /* Build configuration list for PBXNativeTarget "NYtimes" */ = {
			isa = XCConfigurationList;
			buildConfigurations = (
				09D121772211F007007D99C2 /* Debug */,
				09D121782211F007007D99C2 /* Release */,
			);
			defaultConfigurationIsVisible = 0;
			defaultConfigurationName = Release;
		};
		09D121792211F007007D99C2 /* Build configuration list for PBXNativeTarget "NYtimesTests" */ = {
			isa = XCConfigurationList;
			buildConfigurations = (
				09D1217A2211F007007D99C2 /* Debug */,
				09D1217B2211F007007D99C2 /* Release */,
			);
			defaultConfigurationIsVisible = 0;
			defaultConfigurationName = Release;
		};
		09D1217C2211F007007D99C2 /* Build configuration list for PBXNativeTarget "NYtimesUITests" */ = {
			isa = XCConfigurationList;
			buildConfigurations = (
				09D1217D2211F007007D99C2 /* Debug */,
				09D1217E2211F007007D99C2 /* Release */,
			);
			defaultConfigurationIsVisible = 0;
			defaultConfigurationName = Release;
		};
/* End XCConfigurationList section */
	};
	rootObject = 09D121462211F005007D99C2 /* Project object */;
}
